{"format_version":"1.1","terraform_version":"1.3.4","variables":{"controller_image":{"value":"europe-docker.pkg.dev/instant-bqml-demo-environment/crmint/controller:latest"},"custom_domain":{"value":"instant-bqml-demo.com"},"database_availability_type":{"value":"ZONAL"},"database_instance_name":{"value":"crmintapp-db-clone"},"database_name":{"value":"crmintapp-db"},"database_project_id":{"value":null},"database_region":{"value":null},"database_tier":{"value":"db-g1-small"},"database_user":{"value":"crmintapp"},"iap_allowed_users":{"value":["user:dulacp@google.com","user:schiff@google.com","user:aprikhodko@google.com","user:ctimoteo@google.com"]},"iap_support_email":{"value":"dulacp@google.com"},"network_project_id":{"value":null},"network_region":{"value":null},"project_id":{"value":"instant-bqml-demo-environment"},"region":{"value":"us-east1"},"use_vpc":{"value":false},"zone":{"value":"us-east1-c"}},"planned_values":{"outputs":{"frontend_url":{"sensitive":false}},"root_module":{"resources":[{"address":"google_cloud_run_service.controller_run","mode":"managed","type":"google_cloud_run_service","name":"controller_run","provider_name":"registry.terraform.io/hashicorp/google-beta","schema_version":1,"values":{"autogenerate_revision_name":true,"location":"us-east1","metadata":[{"annotations":{"run.googleapis.com/ingress":"internal-and-cloud-load-balancing"}}],"name":"controller","project":"instant-bqml-demo-environment","template":[{"metadata":[{"labels":null}],"spec":[{"containers":[{"args":null,"command":null,"env":[{"name":"DATABASE_URI","value_from":[]},{"name":"PUBSUB_VERIFICATION_TOKEN","value_from":[]}],"env_from":[],"image":"europe-docker.pkg.dev/instant-bqml-demo-environment/crmint/controller:latest","liveness_probe":[],"volume_mounts":[],"working_dir":null}],"volumes":[]}]}],"timeouts":null,"traffic":[{"latest_revision":true,"percent":100,"revision_name":null,"tag":null}]},"sensitive_values":{"metadata":[{"annotations":{},"labels":{}}],"status":[],"template":[{"metadata":[{"annotations":{}}],"spec":[{"containers":[{"env":true,"env_from":[],"liveness_probe":[],"ports":[],"resources":[],"startup_probe":[],"volume_mounts":[]}],"volumes":[]}]}],"traffic":[{}]}},{"address":"google_cloud_run_service.frontend_run","mode":"managed","type":"google_cloud_run_service","name":"frontend_run","provider_name":"registry.terraform.io/hashicorp/google","schema_version":1,"values":{"autogenerate_revision_name":true,"location":"us-east1","metadata":[{"annotations":{"run.googleapis.com/ingress":"internal-and-cloud-load-balancing"}}],"name":"frontend","project":"instant-bqml-demo-environment","template":[{"metadata":[{"annotations":{"autoscaling.knative.dev/maxScale":"1","autoscaling.knative.dev/minScale":"1"},"labels":null}],"spec":[{"containers":[{"args":null,"command":null,"env":[],"env_from":[],"image":"europe-docker.pkg.dev/instant-bqml-demo-environment/crmint/frontend:latest","volume_mounts":[],"working_dir":null}],"volumes":[]}]}],"timeouts":null,"traffic":[{"latest_revision":true,"percent":100,"revision_name":null,"tag":null}]},"sensitive_values":{"metadata":[{"annotations":{},"labels":{}}],"status":[],"template":[{"metadata":[{"annotations":{}}],"spec":[{"containers":[{"env":[],"env_from":[],"ports":[],"resources":[],"volume_mounts":[]}],"volumes":[]}]}],"traffic":[{}]}},{"address":"google_cloud_run_service.jobs_run","mode":"managed","type":"google_cloud_run_service","name":"jobs_run","provider_name":"registry.terraform.io/hashicorp/google-beta","schema_version":1,"values":{"autogenerate_revision_name":true,"location":"us-east1","metadata":[{"annotations":{"run.googleapis.com/ingress":"internal-and-cloud-load-balancing"}}],"name":"jobs","project":"instant-bqml-demo-environment","template":[{"metadata":[{"annotations":{"autoscaling.knative.dev/maxScale":"20","autoscaling.knative.dev/minScale":"0"},"labels":null}],"spec":[{"containers":[{"args":null,"command":null,"env":[{"name":"PUBSUB_VERIFICATION_TOKEN","value_from":[]}],"env_from":[],"image":"europe-docker.pkg.dev/instant-bqml-demo-environment/crmint/jobs:latest","liveness_probe":[],"volume_mounts":[],"working_dir":null}],"volumes":[]}]}],"timeouts":null,"traffic":[{"latest_revision":true,"percent":100,"revision_name":null,"tag":null}]},"sensitive_values":{"metadata":[{"annotations":{},"labels":{}}],"status":[],"template":[{"metadata":[{"annotations":{}}],"spec":[{"containers":[{"env":[{"value_from":[]}],"env_from":[],"liveness_probe":[],"ports":[],"resources":[],"startup_probe":[],"volume_mounts":[]}],"volumes":[]}]}],"traffic":[{}]}},{"address":"google_cloud_run_service_iam_member.controller_run-public","mode":"managed","type":"google_cloud_run_service_iam_member","name":"controller_run-public","provider_name":"registry.terraform.io/hashicorp/google","schema_version":0,"values":{"condition":[],"location":"us-east1","member":"allUsers","project":"instant-bqml-demo-environment","role":"roles/run.invoker","service":"controller"},"sensitive_values":{"condition":[]}},{"address":"google_cloud_run_service_iam_member.frontend_run-public","mode":"managed","type":"google_cloud_run_service_iam_member","name":"frontend_run-public","provider_name":"registry.terraform.io/hashicorp/google","schema_version":0,"values":{"condition":[],"location":"us-east1","member":"allUsers","project":"instant-bqml-demo-environment","role":"roles/run.invoker","service":"frontend"},"sensitive_values":{"condition":[]}},{"address":"google_cloud_run_service_iam_member.jobs_run-public","mode":"managed","type":"google_cloud_run_service_iam_member","name":"jobs_run-public","provider_name":"registry.terraform.io/hashicorp/google","schema_version":0,"values":{"condition":[],"location":"us-east1","member":"allUsers","project":"instant-bqml-demo-environment","role":"roles/run.invoker","service":"jobs"},"sensitive_values":{"condition":[]}},{"address":"google_cloud_scheduler_job.heartbeat","mode":"managed","type":"google_cloud_scheduler_job","name":"heartbeat","provider_name":"registry.terraform.io/hashicorp/google","schema_version":0,"values":{"app_engine_http_target":[],"attempt_deadline":null,"description":"Triggers scheduled pipeline runs.","http_target":[],"name":"crmint-heartbeat","project":"instant-bqml-demo-environment","pubsub_target":[{"attributes":{"start_time":"0"},"data":"eyJwaXBlbGluZV9pZHMiOiAic2NoZWR1bGVkIn0="}],"retry_config":[],"schedule":"* * * * *","time_zone":"Etc/UTC","timeouts":null},"sensitive_values":{"app_engine_http_target":[],"http_target":[],"pubsub_target":[{"attributes":{}}],"retry_config":[]}},{"address":"google_cloudbuild_worker_pool.private","mode":"managed","type":"google_cloudbuild_worker_pool","name":"private","provider_name":"registry.terraform.io/hashicorp/google","schema_version":0,"values":{"annotations":null,"display_name":null,"location":"us-east1","name":"crmint-private-pool","network_config":[],"timeouts":null,"worker_config":[{"disk_size_gb":100,"machine_type":"e2-standard-2","no_external_ip":false}]},"sensitive_values":{"network_config":[],"worker_config":[{}]}},{"address":"google_compute_backend_service.controller_backend","mode":"managed","type":"google_compute_backend_service","name":"controller_backend","provider_name":"registry.terraform.io/hashicorp/google","schema_version":1,"values":{"affinity_cookie_ttl_sec":null,"backend":[{"balancing_mode":"UTILIZATION","capacity_scaler":1,"description":""}],"circuit_breakers":[],"compression_mode":null,"connection_draining_timeout_sec":10,"consistent_hash":[],"custom_request_headers":null,"custom_response_headers":null,"description":null,"enable_cdn":false,"health_checks":null,"iap":[{}],"load_balancing_scheme":"EXTERNAL","locality_lb_policy":null,"name":"crmint-controller-backend-service","outlier_detection":[],"protocol":"HTTP","security_policy":null,"security_settings":[],"timeouts":null},"sensitive_values":{"backend":[{}],"cdn_policy":[],"circuit_breakers":[],"consistent_hash":[],"iap":[{"oauth2_client_secret":true}],"log_config":[],"outlier_detection":[],"security_settings":[]}},{"address":"google_compute_backend_service.frontend_backend","mode":"managed","type":"google_compute_backend_service","name":"frontend_backend","provider_name":"registry.terraform.io/hashicorp/google","schema_version":1,"values":{"affinity_cookie_ttl_sec":null,"backend":[{"balancing_mode":"UTILIZATION","capacity_scaler":1,"description":""}],"circuit_breakers":[],"compression_mode":null,"connection_draining_timeout_sec":10,"consistent_hash":[],"custom_request_headers":null,"custom_response_headers":null,"description":null,"enable_cdn":false,"health_checks":null,"iap":[{}],"load_balancing_scheme":"EXTERNAL","locality_lb_policy":null,"name":"crmint-frontend-backend-service","outlier_detection":[],"protocol":"HTTP","security_policy":null,"security_settings":[],"timeouts":null},"sensitive_values":{"backend":[{}],"cdn_policy":[],"circuit_breakers":[],"consistent_hash":[],"iap":[{"oauth2_client_secret":true}],"log_config":[],"outlier_detection":[],"security_settings":[]}},{"address":"google_compute_backend_service.jobs_backend","mode":"managed","type":"google_compute_backend_service","name":"jobs_backend","provider_name":"registry.terraform.io/hashicorp/google","schema_version":1,"values":{"affinity_cookie_ttl_sec":null,"backend":[{"balancing_mode":"UTILIZATION","capacity_scaler":1,"description":""}],"circuit_breakers":[],"compression_mode":null,"connection_draining_timeout_sec":10,"consistent_hash":[],"custom_request_headers":null,"custom_response_headers":null,"description":null,"enable_cdn":false,"health_checks":null,"iap":[{}],"load_balancing_scheme":"EXTERNAL","locality_lb_policy":null,"name":"crmint-jobs-backend-service","outlier_detection":[],"protocol":"HTTP","security_policy":null,"security_settings":[],"timeouts":null},"sensitive_values":{"backend":[{}],"cdn_policy":[],"circuit_breakers":[],"consistent_hash":[],"iap":[{"oauth2_client_secret":true}],"log_config":[],"outlier_detection":[],"security_settings":[]}},{"address":"google_compute_global_address.custom_domain[0]","mode":"managed","type":"google_compute_global_address","name":"custom_domain","index":0,"provider_name":"registry.terraform.io/hashicorp/google","schema_version":0,"values":{"address_type":null,"description":null,"ip_version":null,"name":"global-crmint-custom-domain","network":null,"prefix_length":null,"purpose":null,"timeouts":null},"sensitive_values":{}},{"address":"google_compute_global_address.default","mode":"managed","type":"google_compute_global_address","name":"default","provider_name":"registry.terraform.io/hashicorp/google","schema_version":0,"values":{"address_type":null,"description":null,"ip_version":null,"name":"global-crmint-default","network":null,"prefix_length":null,"purpose":null,"timeouts":null},"sensitive_values":{}},{"address":"google_compute_global_forwarding_rule.custom_domain[0]","mode":"managed","type":"google_compute_global_forwarding_rule","name":"custom_domain","index":0,"provider_name":"registry.terraform.io/hashicorp/google","schema_version":0,"values":{"description":null,"ip_protocol":"TCP","ip_version":null,"labels":null,"load_balancing_scheme":"EXTERNAL","metadata_filters":[],"name":"crmint-custom-https-lb-forwarding-rule","port_range":"443","timeouts":null},"sensitive_values":{"metadata_filters":[]}},{"address":"google_compute_global_forwarding_rule.default","mode":"managed","type":"google_compute_global_forwarding_rule","name":"default","provider_name":"registry.terraform.io/hashicorp/google","schema_version":0,"values":{"description":null,"ip_protocol":"TCP","ip_version":null,"labels":null,"load_balancing_scheme":"EXTERNAL","metadata_filters":[],"name":"crmint-default-https-lb-forwarding-rule","port_range":"443","timeouts":null},"sensitive_values":{"metadata_filters":[]}},{"address":"google_compute_managed_ssl_certificate.custom_domain[0]","mode":"managed","type":"google_compute_managed_ssl_certificate","name":"custom_domain","index":0,"provider_name":"registry.terraform.io/hashicorp/google","schema_version":0,"values":{"description":null,"managed":[{"domains":["instant-bqml-demo.com"]}],"name":"crmint-custom-domain","timeouts":null,"type":"MANAGED"},"sensitive_values":{"managed":[{"domains":[false]}],"subject_alternative_names":[]}},{"address":"google_compute_region_network_endpoint_group.controller_neg","mode":"managed","type":"google_compute_region_network_endpoint_group","name":"controller_neg","provider_name":"registry.terraform.io/hashicorp/google","schema_version":0,"values":{"app_engine":[],"cloud_function":[],"cloud_run":[{"service":"controller","tag":null,"url_mask":null}],"description":null,"name":"controller-neg","network":null,"network_endpoint_type":"SERVERLESS","psc_target_service":null,"region":"us-east1","subnetwork":null,"timeouts":null},"sensitive_values":{"app_engine":[],"cloud_function":[],"cloud_run":[{}]}},{"address":"google_compute_region_network_endpoint_group.frontend_neg","mode":"managed","type":"google_compute_region_network_endpoint_group","name":"frontend_neg","provider_name":"registry.terraform.io/hashicorp/google","schema_version":0,"values":{"app_engine":[],"cloud_function":[],"cloud_run":[{"service":"frontend","tag":null,"url_mask":null}],"description":null,"name":"frontend-neg","network":null,"network_endpoint_type":"SERVERLESS","psc_target_service":null,"region":"us-east1","subnetwork":null,"timeouts":null},"sensitive_values":{"app_engine":[],"cloud_function":[],"cloud_run":[{}]}},{"address":"google_compute_region_network_endpoint_group.jobs_neg","mode":"managed","type":"google_compute_region_network_endpoint_group","name":"jobs_neg","provider_name":"registry.terraform.io/hashicorp/google","schema_version":0,"values":{"app_engine":[],"cloud_function":[],"cloud_run":[{"service":"jobs","tag":null,"url_mask":null}],"description":null,"name":"jobs-neg","network":null,"network_endpoint_type":"SERVERLESS","psc_target_service":null,"region":"us-east1","subnetwork":null,"timeouts":null},"sensitive_values":{"app_engine":[],"cloud_function":[],"cloud_run":[{}]}},{"address":"google_compute_ssl_certificate.locally_signed","mode":"managed","type":"google_compute_ssl_certificate","name":"locally_signed","provider_name":"registry.terraform.io/hashicorp/google","schema_version":0,"values":{"description":"Self managed certificate","name":"crmint-locally-signed-with-chain","timeouts":null},"sensitive_values":{"private_key":true}},{"address":"google_compute_target_https_proxy.custom_domain[0]","mode":"managed","type":"google_compute_target_https_proxy","name":"custom_domain","index":0,"provider_name":"registry.terraform.io/hashicorp/google","schema_version":0,"values":{"certificate_map":null,"description":null,"name":"crmint-custom-https-lb-proxy","quic_override":"NONE","ssl_policy":null,"timeouts":null},"sensitive_values":{"ssl_certificates":[]}},{"address":"google_compute_target_https_proxy.default","mode":"managed","type":"google_compute_target_https_proxy","name":"default","provider_name":"registry.terraform.io/hashicorp/google","schema_version":0,"values":{"certificate_map":null,"description":null,"name":"crmint-default-https-lb-proxy","quic_override":"NONE","ssl_policy":null,"timeouts":null},"sensitive_values":{"ssl_certificates":[]}},{"address":"google_compute_url_map.default","mode":"managed","type":"google_compute_url_map","name":"default","provider_name":"registry.terraform.io/hashicorp/google","schema_version":0,"values":{"default_route_action":[],"default_url_redirect":[],"description":null,"header_action":[],"host_rule":[{"description":"","hosts":["*"],"path_matcher":"allpaths"}],"name":"crmint-http-lb","path_matcher":[{"default_route_action":[],"default_url_redirect":[],"description":null,"header_action":[],"name":"allpaths","path_rule":[{"paths":["/api/workers","/api/workers/*","/push/start-task"],"route_action":[],"url_redirect":[]},{"paths":["/api/*","/push/start-pipeline","/push/task-finished"],"route_action":[],"url_redirect":[]}],"route_rules":[]}],"test":[],"timeouts":null},"sensitive_values":{"default_route_action":[],"default_url_redirect":[],"header_action":[],"host_rule":[{"hosts":[false]}],"path_matcher":[{"default_route_action":[],"default_url_redirect":[],"header_action":[],"path_rule":[{"paths":[false,false,false],"route_action":[],"url_redirect":[]},{"paths":[false,false,false],"route_action":[],"url_redirect":[]}],"route_rules":[]}],"test":[]}},{"address":"google_dns_managed_zone.custom_domain[0]","mode":"managed","type":"google_dns_managed_zone","name":"custom_domain","index":0,"provider_name":"registry.terraform.io/hashicorp/google","schema_version":0,"values":{"description":"Test DNS zone for our Instant BQML Demo environment","dns_name":"instant-bqml-demo.com.","dnssec_config":[{"default_key_specs":[{"algorithm":"rsasha256","key_length":2048,"key_type":"keySigning","kind":"dns#dnsKeySpec"},{"algorithm":"rsasha256","key_length":1024,"key_type":"zoneSigning","kind":"dns#dnsKeySpec"}],"kind":"dns#managedZoneDnsSecConfig","non_existence":"nsec3","state":"on"}],"force_destroy":false,"forwarding_config":[],"labels":null,"name":"instant-bqml-demo-com","peering_config":[],"private_visibility_config":[],"timeouts":null,"visibility":"public"},"sensitive_values":{"cloud_logging_config":[],"dnssec_config":[{"default_key_specs":[{},{}]}],"forwarding_config":[],"name_servers":[],"peering_config":[],"private_visibility_config":[]}},{"address":"google_dns_record_set.frontend[0]","mode":"managed","type":"google_dns_record_set","name":"frontend","index":0,"provider_name":"registry.terraform.io/hashicorp/google","schema_version":0,"values":{"managed_zone":"instant-bqml-demo-com","name":"instant-bqml-demo.com.","routing_policy":[],"ttl":300,"type":"A"},"sensitive_values":{"routing_policy":[],"rrdatas":[]}},{"address":"google_iap_brand.default","mode":"managed","type":"google_iap_brand","name":"default","provider_name":"registry.terraform.io/hashicorp/google","schema_version":0,"values":{"application_title":"Cloud IAP protected Application","project":"instant-bqml-demo-environment","support_email":"dulacp@google.com","timeouts":null},"sensitive_values":{}},{"address":"google_iap_client.default","mode":"managed","type":"google_iap_client","name":"default","provider_name":"registry.terraform.io/hashicorp/google","schema_version":0,"values":{"display_name":"Test Client","timeouts":null},"sensitive_values":{}},{"address":"google_iap_web_backend_service_iam_policy.controller","mode":"managed","type":"google_iap_web_backend_service_iam_policy","name":"controller","provider_name":"registry.terraform.io/hashicorp/google","schema_version":0,"values":{"policy_data":"{\"bindings\":[{\"members\":[\"user:aprikhodko@google.com\",\"user:ctimoteo@google.com\",\"user:dulacp@google.com\",\"user:schiff@google.com\"],\"role\":\"roles/iap.httpsResourceAccessor\"}]}","web_backend_service":"crmint-controller-backend-service"},"sensitive_values":{}},{"address":"google_iap_web_backend_service_iam_policy.frontend","mode":"managed","type":"google_iap_web_backend_service_iam_policy","name":"frontend","provider_name":"registry.terraform.io/hashicorp/google","schema_version":0,"values":{"policy_data":"{\"bindings\":[{\"members\":[\"user:aprikhodko@google.com\",\"user:ctimoteo@google.com\",\"user:dulacp@google.com\",\"user:schiff@google.com\"],\"role\":\"roles/iap.httpsResourceAccessor\"}]}","web_backend_service":"crmint-frontend-backend-service"},"sensitive_values":{}},{"address":"google_iap_web_backend_service_iam_policy.jobs","mode":"managed","type":"google_iap_web_backend_service_iam_policy","name":"jobs","provider_name":"registry.terraform.io/hashicorp/google","schema_version":0,"values":{"policy_data":"{\"bindings\":[{\"members\":[\"user:aprikhodko@google.com\",\"user:ctimoteo@google.com\",\"user:dulacp@google.com\",\"user:schiff@google.com\"],\"role\":\"roles/iap.httpsResourceAccessor\"}]}","web_backend_service":"crmint-jobs-backend-service"},"sensitive_values":{}},{"address":"google_project_iam_member.cloudbuild_managed_sa--cloudsql-client","mode":"managed","type":"google_project_iam_member","name":"cloudbuild_managed_sa--cloudsql-client","provider_name":"registry.terraform.io/hashicorp/google","schema_version":0,"values":{"condition":[],"project":"instant-bqml-demo-environment","role":"roles/cloudsql.client"},"sensitive_values":{"condition":[]}},{"address":"google_project_iam_member.cloudbuild_managed_sa--object-viewer","mode":"managed","type":"google_project_iam_member","name":"cloudbuild_managed_sa--object-viewer","provider_name":"registry.terraform.io/hashicorp/google","schema_version":0,"values":{"condition":[],"project":"instant-bqml-demo-environment","role":"roles/storage.objectViewer"},"sensitive_values":{"condition":[]}},{"address":"google_project_iam_member.controller_sa--cloudsql-client","mode":"managed","type":"google_project_iam_member","name":"controller_sa--cloudsql-client","provider_name":"registry.terraform.io/hashicorp/google","schema_version":0,"values":{"condition":[],"project":"instant-bqml-demo-environment","role":"roles/cloudsql.client"},"sensitive_values":{"condition":[]}},{"address":"google_project_iam_member.iap_sa--run_invoker","mode":"managed","type":"google_project_iam_member","name":"iap_sa--run_invoker","provider_name":"registry.terraform.io/hashicorp/google","schema_version":0,"values":{"condition":[],"project":"instant-bqml-demo-environment","role":"roles/run.invoker"},"sensitive_values":{"condition":[]}},{"address":"google_project_iam_member.pubsub_token-creator","mode":"managed","type":"google_project_iam_member","name":"pubsub_token-creator","provider_name":"registry.terraform.io/hashicorp/google","schema_version":0,"values":{"condition":[],"project":"instant-bqml-demo-environment","role":"roles/iam.serviceAccountTokenCreator"},"sensitive_values":{"condition":[]}},{"address":"google_project_service.aiplatform[\"aiplatform.googleapis.com\"]","mode":"managed","type":"google_project_service","name":"aiplatform","index":"aiplatform.googleapis.com","provider_name":"registry.terraform.io/hashicorp/google","schema_version":0,"values":{"disable_dependent_services":null,"disable_on_destroy":true,"project":"instant-bqml-demo-environment","service":"aiplatform.googleapis.com","timeouts":null},"sensitive_values":{}},{"address":"google_project_service.aiplatform[\"analytics.googleapis.com\"]","mode":"managed","type":"google_project_service","name":"aiplatform","index":"analytics.googleapis.com","provider_name":"registry.terraform.io/hashicorp/google","schema_version":0,"values":{"disable_dependent_services":null,"disable_on_destroy":true,"project":"instant-bqml-demo-environment","service":"analytics.googleapis.com","timeouts":null},"sensitive_values":{}},{"address":"google_project_service.aiplatform[\"analyticsadmin.googleapis.com\"]","mode":"managed","type":"google_project_service","name":"aiplatform","index":"analyticsadmin.googleapis.com","provider_name":"registry.terraform.io/hashicorp/google","schema_version":0,"values":{"disable_dependent_services":null,"disable_on_destroy":true,"project":"instant-bqml-demo-environment","service":"analyticsadmin.googleapis.com","timeouts":null},"sensitive_values":{}},{"address":"google_project_service.aiplatform[\"analyticsreporting.googleapis.com\"]","mode":"managed","type":"google_project_service","name":"aiplatform","index":"analyticsreporting.googleapis.com","provider_name":"registry.terraform.io/hashicorp/google","schema_version":0,"values":{"disable_dependent_services":null,"disable_on_destroy":true,"project":"instant-bqml-demo-environment","service":"analyticsreporting.googleapis.com","timeouts":null},"sensitive_values":{}},{"address":"google_project_service.aiplatform[\"cloudscheduler.googleapis.com\"]","mode":"managed","type":"google_project_service","name":"aiplatform","index":"cloudscheduler.googleapis.com","provider_name":"registry.terraform.io/hashicorp/google","schema_version":0,"values":{"disable_dependent_services":null,"disable_on_destroy":true,"project":"instant-bqml-demo-environment","service":"cloudscheduler.googleapis.com","timeouts":null},"sensitive_values":{}},{"address":"google_project_service.aiplatform[\"logging.googleapis.com\"]","mode":"managed","type":"google_project_service","name":"aiplatform","index":"logging.googleapis.com","provider_name":"registry.terraform.io/hashicorp/google","schema_version":0,"values":{"disable_dependent_services":null,"disable_on_destroy":true,"project":"instant-bqml-demo-environment","service":"logging.googleapis.com","timeouts":null},"sensitive_values":{}},{"address":"google_project_service.aiplatform[\"pubsub.googleapis.com\"]","mode":"managed","type":"google_project_service","name":"aiplatform","index":"pubsub.googleapis.com","provider_name":"registry.terraform.io/hashicorp/google","schema_version":0,"values":{"disable_dependent_services":null,"disable_on_destroy":true,"project":"instant-bqml-demo-environment","service":"pubsub.googleapis.com","timeouts":null},"sensitive_values":{}},{"address":"google_project_service.aiplatform[\"servicenetworking.googleapis.com\"]","mode":"managed","type":"google_project_service","name":"aiplatform","index":"servicenetworking.googleapis.com","provider_name":"registry.terraform.io/hashicorp/google","schema_version":0,"values":{"disable_dependent_services":null,"disable_on_destroy":true,"project":"instant-bqml-demo-environment","service":"servicenetworking.googleapis.com","timeouts":null},"sensitive_values":{}},{"address":"google_project_service.aiplatform[\"storage-api.googleapis.com\"]","mode":"managed","type":"google_project_service","name":"aiplatform","index":"storage-api.googleapis.com","provider_name":"registry.terraform.io/hashicorp/google","schema_version":0,"values":{"disable_dependent_services":null,"disable_on_destroy":true,"project":"instant-bqml-demo-environment","service":"storage-api.googleapis.com","timeouts":null},"sensitive_values":{}},{"address":"google_project_service.aiplatform[\"storage-component.googleapis.com\"]","mode":"managed","type":"google_project_service","name":"aiplatform","index":"storage-component.googleapis.com","provider_name":"registry.terraform.io/hashicorp/google","schema_version":0,"values":{"disable_dependent_services":null,"disable_on_destroy":true,"project":"instant-bqml-demo-environment","service":"storage-component.googleapis.com","timeouts":null},"sensitive_values":{}},{"address":"google_project_service.dns_service[0]","mode":"managed","type":"google_project_service","name":"dns_service","index":0,"provider_name":"registry.terraform.io/hashicorp/google","schema_version":0,"values":{"disable_dependent_services":null,"disable_on_destroy":true,"project":"instant-bqml-demo-environment","service":"dns.googleapis.com","timeouts":null},"sensitive_values":{}},{"address":"google_project_service.iap_service","mode":"managed","type":"google_project_service","name":"iap_service","provider_name":"registry.terraform.io/hashicorp/google","schema_version":0,"values":{"disable_dependent_services":null,"disable_on_destroy":true,"project":"instant-bqml-demo-environment","service":"iap.googleapis.com","timeouts":null},"sensitive_values":{}},{"address":"google_project_service_identity.cloudbuild_managed_sa","mode":"managed","type":"google_project_service_identity","name":"cloudbuild_managed_sa","provider_name":"registry.terraform.io/hashicorp/google-beta","schema_version":0,"values":{"project":"instant-bqml-demo-environment","service":"cloudbuild.googleapis.com","timeouts":null},"sensitive_values":{}},{"address":"google_project_service_identity.iap_sa","mode":"managed","type":"google_project_service_identity","name":"iap_sa","provider_name":"registry.terraform.io/hashicorp/google-beta","schema_version":0,"values":{"project":"instant-bqml-demo-environment","service":"iap.googleapis.com","timeouts":null},"sensitive_values":{}},{"address":"google_project_service_identity.pubsub_managed_sa","mode":"managed","type":"google_project_service_identity","name":"pubsub_managed_sa","provider_name":"registry.terraform.io/hashicorp/google-beta","schema_version":0,"values":{"project":"instant-bqml-demo-environment","service":"pubsub.googleapis.com","timeouts":null},"sensitive_values":{}},{"address":"google_pubsub_subscription.subscriptions[\"crmint-3-start-pipeline\"]","mode":"managed","type":"google_pubsub_subscription","name":"subscriptions","index":"crmint-3-start-pipeline","provider_name":"registry.terraform.io/hashicorp/google","schema_version":0,"values":{"ack_deadline_seconds":60,"bigquery_config":[],"dead_letter_policy":[],"enable_exactly_once_delivery":null,"enable_message_ordering":null,"expiration_policy":[{"ttl":""}],"filter":null,"labels":null,"message_retention_duration":"604800s","name":"crmint-3-start-pipeline-subscription","push_config":[{"attributes":null,"oidc_token":[{"audience":null}]}],"retain_acked_messages":null,"retry_policy":[{"minimum_backoff":"10s"}],"timeouts":null},"sensitive_values":{"bigquery_config":[],"dead_letter_policy":[],"expiration_policy":[{}],"push_config":[{"oidc_token":[{}]}],"retry_policy":[{}]}},{"address":"google_pubsub_subscription.subscriptions[\"crmint-3-start-task\"]","mode":"managed","type":"google_pubsub_subscription","name":"subscriptions","index":"crmint-3-start-task","provider_name":"registry.terraform.io/hashicorp/google","schema_version":0,"values":{"ack_deadline_seconds":600,"bigquery_config":[],"dead_letter_policy":[],"enable_exactly_once_delivery":null,"enable_message_ordering":null,"expiration_policy":[{"ttl":""}],"filter":null,"labels":null,"message_retention_duration":"604800s","name":"crmint-3-start-task-subscription","push_config":[{"attributes":null,"oidc_token":[{"audience":null}]}],"retain_acked_messages":null,"retry_policy":[{"minimum_backoff":"60s"}],"timeouts":null},"sensitive_values":{"bigquery_config":[],"dead_letter_policy":[],"expiration_policy":[{}],"push_config":[{"oidc_token":[{}]}],"retry_policy":[{}]}},{"address":"google_pubsub_subscription.subscriptions[\"crmint-3-task-finished\"]","mode":"managed","type":"google_pubsub_subscription","name":"subscriptions","index":"crmint-3-task-finished","provider_name":"registry.terraform.io/hashicorp/google","schema_version":0,"values":{"ack_deadline_seconds":60,"bigquery_config":[],"dead_letter_policy":[],"enable_exactly_once_delivery":null,"enable_message_ordering":null,"expiration_policy":[{"ttl":""}],"filter":null,"labels":null,"message_retention_duration":"604800s","name":"crmint-3-task-finished-subscription","push_config":[{"attributes":null,"oidc_token":[{"audience":null}]}],"retain_acked_messages":null,"retry_policy":[{"minimum_backoff":"10s"}],"timeouts":null},"sensitive_values":{"bigquery_config":[],"dead_letter_policy":[],"expiration_policy":[{}],"push_config":[{"oidc_token":[{}]}],"retry_policy":[{}]}},{"address":"google_pubsub_topic.pipeline-finished","mode":"managed","type":"google_pubsub_topic","name":"pipeline-finished","provider_name":"registry.terraform.io/hashicorp/google","schema_version":0,"values":{"kms_key_name":null,"labels":null,"message_retention_duration":null,"name":"crmint-3-pipeline-finished","timeouts":null},"sensitive_values":{"message_storage_policy":[],"schema_settings":[]}},{"address":"google_pubsub_topic.topics[\"crmint-3-start-pipeline\"]","mode":"managed","type":"google_pubsub_topic","name":"topics","index":"crmint-3-start-pipeline","provider_name":"registry.terraform.io/hashicorp/google","schema_version":0,"values":{"kms_key_name":null,"labels":null,"message_retention_duration":null,"name":"crmint-3-start-pipeline","timeouts":null},"sensitive_values":{"message_storage_policy":[],"schema_settings":[]}},{"address":"google_pubsub_topic.topics[\"crmint-3-start-task\"]","mode":"managed","type":"google_pubsub_topic","name":"topics","index":"crmint-3-start-task","provider_name":"registry.terraform.io/hashicorp/google","schema_version":0,"values":{"kms_key_name":null,"labels":null,"message_retention_duration":null,"name":"crmint-3-start-task","timeouts":null},"sensitive_values":{"message_storage_policy":[],"schema_settings":[]}},{"address":"google_pubsub_topic.topics[\"crmint-3-task-finished\"]","mode":"managed","type":"google_pubsub_topic","name":"topics","index":"crmint-3-task-finished","provider_name":"registry.terraform.io/hashicorp/google","schema_version":0,"values":{"kms_key_name":null,"labels":null,"message_retention_duration":null,"name":"crmint-3-task-finished","timeouts":null},"sensitive_values":{"message_storage_policy":[],"schema_settings":[]}},{"address":"google_service_account.controller_sa","mode":"managed","type":"google_service_account","name":"controller_sa","provider_name":"registry.terraform.io/hashicorp/google","schema_version":0,"values":{"account_id":"crmint-controller-sa","description":null,"disabled":false,"display_name":"CRMint Controller Service Account","project":"instant-bqml-demo-environment","timeouts":null},"sensitive_values":{}},{"address":"google_service_account.frontend_sa","mode":"managed","type":"google_service_account","name":"frontend_sa","provider_name":"registry.terraform.io/hashicorp/google","schema_version":0,"values":{"account_id":"crmint-frontend-sa","description":null,"disabled":false,"display_name":"CRMint Frontend Service Account","project":"instant-bqml-demo-environment","timeouts":null},"sensitive_values":{}},{"address":"google_service_account.jobs_sa","mode":"managed","type":"google_service_account","name":"jobs_sa","provider_name":"registry.terraform.io/hashicorp/google","schema_version":0,"values":{"account_id":"crmint-jobs-sa","description":null,"disabled":false,"display_name":"CRMint Jobs Service Account","project":"instant-bqml-demo-environment","timeouts":null},"sensitive_values":{}},{"address":"google_service_account.pubsub_sa","mode":"managed","type":"google_service_account","name":"pubsub_sa","provider_name":"registry.terraform.io/hashicorp/google","schema_version":0,"values":{"account_id":"crmint-pubsub-sa","description":null,"disabled":false,"display_name":"CRMint PubSub Service Account","project":"instant-bqml-demo-environment","timeouts":null},"sensitive_values":{}},{"address":"google_sql_database.crmint","mode":"managed","type":"google_sql_database","name":"crmint","provider_name":"registry.terraform.io/hashicorp/google","schema_version":0,"values":{"instance":"crmintapp-db-clone","name":"crmintapp-db","timeouts":null},"sensitive_values":{}},{"address":"google_sql_database_instance.main","mode":"managed","type":"google_sql_database_instance","name":"main","provider_name":"registry.terraform.io/hashicorp/google","schema_version":0,"values":{"clone":[],"database_version":"MYSQL_8_0","deletion_protection":true,"name":"crmintapp-db-clone","project":"instant-bqml-demo-environment","region":"us-east1","restore_backup_context":[],"root_password":null,"settings":[{"activation_policy":"ALWAYS","active_directory_config":[],"availability_type":"ZONAL","collation":null,"database_flags":[],"disk_autoresize":true,"disk_autoresize_limit":0,"disk_type":"PD_SSD","insights_config":[{"query_insights_enabled":true,"query_string_length":1024,"record_application_tags":false,"record_client_address":false}],"maintenance_window":[{"day":7,"hour":2,"update_track":null}],"password_validation_policy":[],"pricing_plan":"PER_USE","sql_server_audit_config":[],"tier":"db-g1-small","time_zone":null}],"timeouts":null},"sensitive_values":{"available_maintenance_versions":[],"clone":[],"ip_address":[],"replica_configuration":[],"restore_backup_context":[],"server_ca_cert":[],"settings":[{"active_directory_config":[],"backup_configuration":[],"database_flags":[],"insights_config":[{}],"ip_configuration":[],"location_preference":[],"maintenance_window":[{}],"password_validation_policy":[],"sql_server_audit_config":[],"user_labels":{}}]}},{"address":"google_sql_user.crmint","mode":"managed","type":"google_sql_user","name":"crmint","provider_name":"registry.terraform.io/hashicorp/google","schema_version":1,"values":{"deletion_policy":null,"instance":"crmintapp-db-clone","name":"crmintapp","password_policy":[],"timeouts":null,"type":null},"sensitive_values":{"password":true,"password_policy":[],"sql_server_user_details":[]}},{"address":"random_id.pubsub_verification_token","mode":"managed","type":"random_id","name":"pubsub_verification_token","provider_name":"registry.terraform.io/hashicorp/random","schema_version":0,"values":{"byte_length":16,"keepers":null,"prefix":null},"sensitive_values":{}},{"address":"random_password.main_db_password","mode":"managed","type":"random_password","name":"main_db_password","provider_name":"registry.terraform.io/hashicorp/random","schema_version":3,"values":{"keepers":null,"length":16,"lower":true,"min_lower":0,"min_numeric":0,"min_special":0,"min_upper":0,"number":true,"numeric":true,"override_special":null,"special":true,"upper":true},"sensitive_values":{}},{"address":"tls_cert_request.default","mode":"managed","type":"tls_cert_request","name":"default","provider_name":"registry.terraform.io/hashicorp/tls","schema_version":0,"values":{"dns_names":[null],"ip_addresses":[null],"subject":[{"country":null,"locality":null,"organization":"CRMint OpenSource","organizational_unit":null,"postal_code":null,"province":null,"serial_number":null,"street_address":null}],"uris":null},"sensitive_values":{"dns_names":[false],"ip_addresses":[false],"private_key_pem":true,"subject":[{}]}},{"address":"tls_locally_signed_cert.default","mode":"managed","type":"tls_locally_signed_cert","name":"default","provider_name":"registry.terraform.io/hashicorp/tls","schema_version":0,"values":{"allowed_uses":["key_encipherment","digital_signature","client_auth","server_auth"],"early_renewal_hours":0,"is_ca_certificate":false,"ready_for_renewal":false,"set_subject_key_id":false,"validity_period_hours":8760},"sensitive_values":{"allowed_uses":[false,false,false,false],"ca_private_key_pem":true}},{"address":"tls_private_key.default","mode":"managed","type":"tls_private_key","name":"default","provider_name":"registry.terraform.io/hashicorp/tls","schema_version":1,"values":{"algorithm":"ECDSA","ecdsa_curve":"P256","rsa_bits":2048},"sensitive_values":{}},{"address":"tls_private_key.root","mode":"managed","type":"tls_private_key","name":"root","provider_name":"registry.terraform.io/hashicorp/tls","schema_version":1,"values":{"algorithm":"RSA","ecdsa_curve":"P224","rsa_bits":2048},"sensitive_values":{}},{"address":"tls_self_signed_cert.root","mode":"managed","type":"tls_self_signed_cert","name":"root","provider_name":"registry.terraform.io/hashicorp/tls","schema_version":0,"values":{"allowed_uses":["cert_signing","crl_signing","digital_signature"],"dns_names":null,"early_renewal_hours":0,"ip_addresses":null,"is_ca_certificate":true,"ready_for_renewal":false,"set_authority_key_id":false,"set_subject_key_id":false,"subject":[{"common_name":"CRMint Personal Root","country":null,"locality":null,"organization":"CRMint OpenSource","organizational_unit":null,"postal_code":null,"province":null,"serial_number":null,"street_address":null}],"uris":null,"validity_period_hours":8760},"sensitive_values":{"allowed_uses":[false,false,false],"private_key_pem":true,"subject":[{}]}}],"child_modules":[{"resources":[{"address":"module.cli.null_resource.run_command[0]","mode":"managed","type":"null_resource","name":"run_command","index":0,"provider_name":"registry.terraform.io/hashicorp/null","schema_version":0,"values":{"triggers":{"controller_digest":"26d4a3f1e816","create_cmd_entrypoint":"gcloud","gcloud_bin_abs_path":"/google-cloud-sdk/bin","md5":"7f22bf39aaf5ce5980111c3587bef5b5"}},"sensitive_values":{"triggers":{"create_cmd_body":true}}},{"address":"module.cli.null_resource.run_destroy_command[0]","mode":"managed","type":"null_resource","name":"run_destroy_command","index":0,"provider_name":"registry.terraform.io/hashicorp/null","schema_version":0,"values":{"triggers":{"controller_digest":"26d4a3f1e816","destroy_cmd_body":"info","destroy_cmd_entrypoint":"gcloud","gcloud_bin_abs_path":"/google-cloud-sdk/bin"}},"sensitive_values":{"triggers":{}}}],"address":"module.cli"}]}},"resource_changes":[{"address":"google_cloud_run_service.controller_run","mode":"managed","type":"google_cloud_run_service","name":"controller_run","provider_name":"registry.terraform.io/hashicorp/google-beta","change":{"actions":["create"],"before":null,"after":{"autogenerate_revision_name":true,"location":"us-east1","metadata":[{"annotations":{"run.googleapis.com/ingress":"internal-and-cloud-load-balancing"}}],"name":"controller","project":"instant-bqml-demo-environment","template":[{"metadata":[{"labels":null}],"spec":[{"containers":[{"args":null,"command":null,"env":[{"name":"DATABASE_URI","value_from":[]},{"name":"PUBSUB_VERIFICATION_TOKEN","value_from":[]}],"env_from":[],"image":"europe-docker.pkg.dev/instant-bqml-demo-environment/crmint/controller:latest","liveness_probe":[],"volume_mounts":[],"working_dir":null}],"volumes":[]}]}],"timeouts":null,"traffic":[{"latest_revision":true,"percent":100,"revision_name":null,"tag":null}]},"after_unknown":{"id":true,"metadata":[{"annotations":{},"generation":true,"labels":true,"namespace":true,"resource_version":true,"self_link":true,"uid":true}],"status":true,"template":[{"metadata":[{"annotations":true,"generation":true,"name":true,"namespace":true,"resource_version":true,"self_link":true,"uid":true}],"spec":[{"container_concurrency":true,"containers":[{"env":[{"value":true,"value_from":[]},{"value":true,"value_from":[]}],"env_from":[],"liveness_probe":[],"ports":true,"resources":true,"startup_probe":true,"volume_mounts":[]}],"service_account_name":true,"serving_state":true,"timeout_seconds":true,"volumes":[]}]}],"traffic":[{"url":true}]},"before_sensitive":false,"after_sensitive":{"metadata":[{"annotations":{},"labels":{}}],"status":[],"template":[{"metadata":[{"annotations":{}}],"spec":[{"containers":[{"env":true,"env_from":[],"liveness_probe":[],"ports":[],"resources":[],"startup_probe":[],"volume_mounts":[]}],"volumes":[]}]}],"traffic":[{}]}}},{"address":"google_cloud_run_service.frontend_run","mode":"managed","type":"google_cloud_run_service","name":"frontend_run","provider_name":"registry.terraform.io/hashicorp/google","change":{"actions":["create"],"before":null,"after":{"autogenerate_revision_name":true,"location":"us-east1","metadata":[{"annotations":{"run.googleapis.com/ingress":"internal-and-cloud-load-balancing"}}],"name":"frontend","project":"instant-bqml-demo-environment","template":[{"metadata":[{"annotations":{"autoscaling.knative.dev/maxScale":"1","autoscaling.knative.dev/minScale":"1"},"labels":null}],"spec":[{"containers":[{"args":null,"command":null,"env":[],"env_from":[],"image":"europe-docker.pkg.dev/instant-bqml-demo-environment/crmint/frontend:latest","volume_mounts":[],"working_dir":null}],"volumes":[]}]}],"timeouts":null,"traffic":[{"latest_revision":true,"percent":100,"revision_name":null,"tag":null}]},"after_unknown":{"id":true,"metadata":[{"annotations":{},"generation":true,"labels":true,"namespace":true,"resource_version":true,"self_link":true,"uid":true}],"status":true,"template":[{"metadata":[{"annotations":{},"generation":true,"name":true,"namespace":true,"resource_version":true,"self_link":true,"uid":true}],"spec":[{"container_concurrency":true,"containers":[{"env":[],"env_from":[],"ports":true,"resources":true,"volume_mounts":[]}],"service_account_name":true,"serving_state":true,"timeout_seconds":true,"volumes":[]}]}],"traffic":[{"url":true}]},"before_sensitive":false,"after_sensitive":{"metadata":[{"annotations":{},"labels":{}}],"status":[],"template":[{"metadata":[{"annotations":{}}],"spec":[{"containers":[{"env":[],"env_from":[],"ports":[],"resources":[],"volume_mounts":[]}],"volumes":[]}]}],"traffic":[{}]}}},{"address":"google_cloud_run_service.jobs_run","mode":"managed","type":"google_cloud_run_service","name":"jobs_run","provider_name":"registry.terraform.io/hashicorp/google-beta","change":{"actions":["create"],"before":null,"after":{"autogenerate_revision_name":true,"location":"us-east1","metadata":[{"annotations":{"run.googleapis.com/ingress":"internal-and-cloud-load-balancing"}}],"name":"jobs","project":"instant-bqml-demo-environment","template":[{"metadata":[{"annotations":{"autoscaling.knative.dev/maxScale":"20","autoscaling.knative.dev/minScale":"0"},"labels":null}],"spec":[{"containers":[{"args":null,"command":null,"env":[{"name":"PUBSUB_VERIFICATION_TOKEN","value_from":[]}],"env_from":[],"image":"europe-docker.pkg.dev/instant-bqml-demo-environment/crmint/jobs:latest","liveness_probe":[],"volume_mounts":[],"working_dir":null}],"volumes":[]}]}],"timeouts":null,"traffic":[{"latest_revision":true,"percent":100,"revision_name":null,"tag":null}]},"after_unknown":{"id":true,"metadata":[{"annotations":{},"generation":true,"labels":true,"namespace":true,"resource_version":true,"self_link":true,"uid":true}],"status":true,"template":[{"metadata":[{"annotations":{},"generation":true,"name":true,"namespace":true,"resource_version":true,"self_link":true,"uid":true}],"spec":[{"container_concurrency":true,"containers":[{"env":[{"value":true,"value_from":[]}],"env_from":[],"liveness_probe":[],"ports":true,"resources":true,"startup_probe":true,"volume_mounts":[]}],"service_account_name":true,"serving_state":true,"timeout_seconds":true,"volumes":[]}]}],"traffic":[{"url":true}]},"before_sensitive":false,"after_sensitive":{"metadata":[{"annotations":{},"labels":{}}],"status":[],"template":[{"metadata":[{"annotations":{}}],"spec":[{"containers":[{"env":[{"value_from":[]}],"env_from":[],"liveness_probe":[],"ports":[],"resources":[],"startup_probe":[],"volume_mounts":[]}],"volumes":[]}]}],"traffic":[{}]}}},{"address":"google_cloud_run_service_iam_member.controller_run-public","mode":"managed","type":"google_cloud_run_service_iam_member","name":"controller_run-public","provider_name":"registry.terraform.io/hashicorp/google","change":{"actions":["create"],"before":null,"after":{"condition":[],"location":"us-east1","member":"allUsers","project":"instant-bqml-demo-environment","role":"roles/run.invoker","service":"controller"},"after_unknown":{"condition":[],"etag":true,"id":true},"before_sensitive":false,"after_sensitive":{"condition":[]}}},{"address":"google_cloud_run_service_iam_member.frontend_run-public","mode":"managed","type":"google_cloud_run_service_iam_member","name":"frontend_run-public","provider_name":"registry.terraform.io/hashicorp/google","change":{"actions":["create"],"before":null,"after":{"condition":[],"location":"us-east1","member":"allUsers","project":"instant-bqml-demo-environment","role":"roles/run.invoker","service":"frontend"},"after_unknown":{"condition":[],"etag":true,"id":true},"before_sensitive":false,"after_sensitive":{"condition":[]}}},{"address":"google_cloud_run_service_iam_member.jobs_run-public","mode":"managed","type":"google_cloud_run_service_iam_member","name":"jobs_run-public","provider_name":"registry.terraform.io/hashicorp/google","change":{"actions":["create"],"before":null,"after":{"condition":[],"location":"us-east1","member":"allUsers","project":"instant-bqml-demo-environment","role":"roles/run.invoker","service":"jobs"},"after_unknown":{"condition":[],"etag":true,"id":true},"before_sensitive":false,"after_sensitive":{"condition":[]}}},{"address":"google_cloud_scheduler_job.heartbeat","mode":"managed","type":"google_cloud_scheduler_job","name":"heartbeat","provider_name":"registry.terraform.io/hashicorp/google","change":{"actions":["create"],"before":null,"after":{"app_engine_http_target":[],"attempt_deadline":null,"description":"Triggers scheduled pipeline runs.","http_target":[],"name":"crmint-heartbeat","project":"instant-bqml-demo-environment","pubsub_target":[{"attributes":{"start_time":"0"},"data":"eyJwaXBlbGluZV9pZHMiOiAic2NoZWR1bGVkIn0="}],"retry_config":[],"schedule":"* * * * *","time_zone":"Etc/UTC","timeouts":null},"after_unknown":{"app_engine_http_target":[],"http_target":[],"id":true,"paused":true,"pubsub_target":[{"attributes":{},"topic_name":true}],"region":true,"retry_config":[],"state":true},"before_sensitive":false,"after_sensitive":{"app_engine_http_target":[],"http_target":[],"pubsub_target":[{"attributes":{}}],"retry_config":[]}}},{"address":"google_cloudbuild_worker_pool.private","mode":"managed","type":"google_cloudbuild_worker_pool","name":"private","provider_name":"registry.terraform.io/hashicorp/google","change":{"actions":["create"],"before":null,"after":{"annotations":null,"display_name":null,"location":"us-east1","name":"crmint-private-pool","network_config":[],"timeouts":null,"worker_config":[{"disk_size_gb":100,"machine_type":"e2-standard-2","no_external_ip":false}]},"after_unknown":{"create_time":true,"delete_time":true,"id":true,"network_config":[],"project":true,"state":true,"uid":true,"update_time":true,"worker_config":[{}]},"before_sensitive":false,"after_sensitive":{"network_config":[],"worker_config":[{}]}}},{"address":"google_compute_backend_service.controller_backend","mode":"managed","type":"google_compute_backend_service","name":"controller_backend","provider_name":"registry.terraform.io/hashicorp/google","change":{"actions":["create"],"before":null,"after":{"affinity_cookie_ttl_sec":null,"backend":[{"balancing_mode":"UTILIZATION","capacity_scaler":1,"description":""}],"circuit_breakers":[],"compression_mode":null,"connection_draining_timeout_sec":10,"consistent_hash":[],"custom_request_headers":null,"custom_response_headers":null,"description":null,"enable_cdn":false,"health_checks":null,"iap":[{}],"load_balancing_scheme":"EXTERNAL","locality_lb_policy":null,"name":"crmint-controller-backend-service","outlier_detection":[],"protocol":"HTTP","security_policy":null,"security_settings":[],"timeouts":null},"after_unknown":{"backend":[{"group":true,"max_connections":true,"max_connections_per_endpoint":true,"max_connections_per_instance":true,"max_rate":true,"max_rate_per_endpoint":true,"max_rate_per_instance":true,"max_utilization":true}],"cdn_policy":true,"circuit_breakers":[],"consistent_hash":[],"creation_timestamp":true,"fingerprint":true,"iap":[{"oauth2_client_id":true,"oauth2_client_secret":true,"oauth2_client_secret_sha256":true}],"id":true,"log_config":true,"outlier_detection":[],"port_name":true,"project":true,"security_settings":[],"self_link":true,"session_affinity":true,"timeout_sec":true},"before_sensitive":false,"after_sensitive":{"backend":[{}],"cdn_policy":[],"circuit_breakers":[],"consistent_hash":[],"iap":[{"oauth2_client_secret":true,"oauth2_client_secret_sha256":true}],"log_config":[],"outlier_detection":[],"security_settings":[]}}},{"address":"google_compute_backend_service.frontend_backend","mode":"managed","type":"google_compute_backend_service","name":"frontend_backend","provider_name":"registry.terraform.io/hashicorp/google","change":{"actions":["create"],"before":null,"after":{"affinity_cookie_ttl_sec":null,"backend":[{"balancing_mode":"UTILIZATION","capacity_scaler":1,"description":""}],"circuit_breakers":[],"compression_mode":null,"connection_draining_timeout_sec":10,"consistent_hash":[],"custom_request_headers":null,"custom_response_headers":null,"description":null,"enable_cdn":false,"health_checks":null,"iap":[{}],"load_balancing_scheme":"EXTERNAL","locality_lb_policy":null,"name":"crmint-frontend-backend-service","outlier_detection":[],"protocol":"HTTP","security_policy":null,"security_settings":[],"timeouts":null},"after_unknown":{"backend":[{"group":true,"max_connections":true,"max_connections_per_endpoint":true,"max_connections_per_instance":true,"max_rate":true,"max_rate_per_endpoint":true,"max_rate_per_instance":true,"max_utilization":true}],"cdn_policy":true,"circuit_breakers":[],"consistent_hash":[],"creation_timestamp":true,"fingerprint":true,"iap":[{"oauth2_client_id":true,"oauth2_client_secret":true,"oauth2_client_secret_sha256":true}],"id":true,"log_config":true,"outlier_detection":[],"port_name":true,"project":true,"security_settings":[],"self_link":true,"session_affinity":true,"timeout_sec":true},"before_sensitive":false,"after_sensitive":{"backend":[{}],"cdn_policy":[],"circuit_breakers":[],"consistent_hash":[],"iap":[{"oauth2_client_secret":true,"oauth2_client_secret_sha256":true}],"log_config":[],"outlier_detection":[],"security_settings":[]}}},{"address":"google_compute_backend_service.jobs_backend","mode":"managed","type":"google_compute_backend_service","name":"jobs_backend","provider_name":"registry.terraform.io/hashicorp/google","change":{"actions":["create"],"before":null,"after":{"affinity_cookie_ttl_sec":null,"backend":[{"balancing_mode":"UTILIZATION","capacity_scaler":1,"description":""}],"circuit_breakers":[],"compression_mode":null,"connection_draining_timeout_sec":10,"consistent_hash":[],"custom_request_headers":null,"custom_response_headers":null,"description":null,"enable_cdn":false,"health_checks":null,"iap":[{}],"load_balancing_scheme":"EXTERNAL","locality_lb_policy":null,"name":"crmint-jobs-backend-service","outlier_detection":[],"protocol":"HTTP","security_policy":null,"security_settings":[],"timeouts":null},"after_unknown":{"backend":[{"group":true,"max_connections":true,"max_connections_per_endpoint":true,"max_connections_per_instance":true,"max_rate":true,"max_rate_per_endpoint":true,"max_rate_per_instance":true,"max_utilization":true}],"cdn_policy":true,"circuit_breakers":[],"consistent_hash":[],"creation_timestamp":true,"fingerprint":true,"iap":[{"oauth2_client_id":true,"oauth2_client_secret":true,"oauth2_client_secret_sha256":true}],"id":true,"log_config":true,"outlier_detection":[],"port_name":true,"project":true,"security_settings":[],"self_link":true,"session_affinity":true,"timeout_sec":true},"before_sensitive":false,"after_sensitive":{"backend":[{}],"cdn_policy":[],"circuit_breakers":[],"consistent_hash":[],"iap":[{"oauth2_client_secret":true,"oauth2_client_secret_sha256":true}],"log_config":[],"outlier_detection":[],"security_settings":[]}}},{"address":"google_compute_global_address.custom_domain[0]","mode":"managed","type":"google_compute_global_address","name":"custom_domain","index":0,"provider_name":"registry.terraform.io/hashicorp/google","change":{"actions":["create"],"before":null,"after":{"address_type":null,"description":null,"ip_version":null,"name":"global-crmint-custom-domain","network":null,"prefix_length":null,"purpose":null,"timeouts":null},"after_unknown":{"address":true,"creation_timestamp":true,"id":true,"project":true,"self_link":true},"before_sensitive":false,"after_sensitive":{}}},{"address":"google_compute_global_address.default","mode":"managed","type":"google_compute_global_address","name":"default","provider_name":"registry.terraform.io/hashicorp/google","change":{"actions":["create"],"before":null,"after":{"address_type":null,"description":null,"ip_version":null,"name":"global-crmint-default","network":null,"prefix_length":null,"purpose":null,"timeouts":null},"after_unknown":{"address":true,"creation_timestamp":true,"id":true,"project":true,"self_link":true},"before_sensitive":false,"after_sensitive":{}}},{"address":"google_compute_global_forwarding_rule.custom_domain[0]","mode":"managed","type":"google_compute_global_forwarding_rule","name":"custom_domain","index":0,"provider_name":"registry.terraform.io/hashicorp/google","change":{"actions":["create"],"before":null,"after":{"description":null,"ip_protocol":"TCP","ip_version":null,"labels":null,"load_balancing_scheme":"EXTERNAL","metadata_filters":[],"name":"crmint-custom-https-lb-forwarding-rule","port_range":"443","timeouts":null},"after_unknown":{"id":true,"ip_address":true,"label_fingerprint":true,"metadata_filters":[],"network":true,"project":true,"psc_connection_id":true,"psc_connection_status":true,"self_link":true,"target":true},"before_sensitive":false,"after_sensitive":{"metadata_filters":[]}}},{"address":"google_compute_global_forwarding_rule.default","mode":"managed","type":"google_compute_global_forwarding_rule","name":"default","provider_name":"registry.terraform.io/hashicorp/google","change":{"actions":["create"],"before":null,"after":{"description":null,"ip_protocol":"TCP","ip_version":null,"labels":null,"load_balancing_scheme":"EXTERNAL","metadata_filters":[],"name":"crmint-default-https-lb-forwarding-rule","port_range":"443","timeouts":null},"after_unknown":{"id":true,"ip_address":true,"label_fingerprint":true,"metadata_filters":[],"network":true,"project":true,"psc_connection_id":true,"psc_connection_status":true,"self_link":true,"target":true},"before_sensitive":false,"after_sensitive":{"metadata_filters":[]}}},{"address":"google_compute_managed_ssl_certificate.custom_domain[0]","mode":"managed","type":"google_compute_managed_ssl_certificate","name":"custom_domain","index":0,"provider_name":"registry.terraform.io/hashicorp/google","change":{"actions":["create"],"before":null,"after":{"description":null,"managed":[{"domains":["instant-bqml-demo.com"]}],"name":"crmint-custom-domain","timeouts":null,"type":"MANAGED"},"after_unknown":{"certificate_id":true,"creation_timestamp":true,"expire_time":true,"id":true,"managed":[{"domains":[false]}],"project":true,"self_link":true,"subject_alternative_names":true},"before_sensitive":false,"after_sensitive":{"managed":[{"domains":[false]}],"subject_alternative_names":[]}}},{"address":"google_compute_region_network_endpoint_group.controller_neg","mode":"managed","type":"google_compute_region_network_endpoint_group","name":"controller_neg","provider_name":"registry.terraform.io/hashicorp/google","change":{"actions":["create"],"before":null,"after":{"app_engine":[],"cloud_function":[],"cloud_run":[{"service":"controller","tag":null,"url_mask":null}],"description":null,"name":"controller-neg","network":null,"network_endpoint_type":"SERVERLESS","psc_target_service":null,"region":"us-east1","subnetwork":null,"timeouts":null},"after_unknown":{"app_engine":[],"cloud_function":[],"cloud_run":[{}],"id":true,"project":true,"self_link":true},"before_sensitive":false,"after_sensitive":{"app_engine":[],"cloud_function":[],"cloud_run":[{}]}}},{"address":"google_compute_region_network_endpoint_group.frontend_neg","mode":"managed","type":"google_compute_region_network_endpoint_group","name":"frontend_neg","provider_name":"registry.terraform.io/hashicorp/google","change":{"actions":["create"],"before":null,"after":{"app_engine":[],"cloud_function":[],"cloud_run":[{"service":"frontend","tag":null,"url_mask":null}],"description":null,"name":"frontend-neg","network":null,"network_endpoint_type":"SERVERLESS","psc_target_service":null,"region":"us-east1","subnetwork":null,"timeouts":null},"after_unknown":{"app_engine":[],"cloud_function":[],"cloud_run":[{}],"id":true,"project":true,"self_link":true},"before_sensitive":false,"after_sensitive":{"app_engine":[],"cloud_function":[],"cloud_run":[{}]}}},{"address":"google_compute_region_network_endpoint_group.jobs_neg","mode":"managed","type":"google_compute_region_network_endpoint_group","name":"jobs_neg","provider_name":"registry.terraform.io/hashicorp/google","change":{"actions":["create"],"before":null,"after":{"app_engine":[],"cloud_function":[],"cloud_run":[{"service":"jobs","tag":null,"url_mask":null}],"description":null,"name":"jobs-neg","network":null,"network_endpoint_type":"SERVERLESS","psc_target_service":null,"region":"us-east1","subnetwork":null,"timeouts":null},"after_unknown":{"app_engine":[],"cloud_function":[],"cloud_run":[{}],"id":true,"project":true,"self_link":true},"before_sensitive":false,"after_sensitive":{"app_engine":[],"cloud_function":[],"cloud_run":[{}]}}},{"address":"google_compute_ssl_certificate.locally_signed","mode":"managed","type":"google_compute_ssl_certificate","name":"locally_signed","provider_name":"registry.terraform.io/hashicorp/google","change":{"actions":["create"],"before":null,"after":{"description":"Self managed certificate","name":"crmint-locally-signed-with-chain","timeouts":null},"after_unknown":{"certificate":true,"certificate_id":true,"creation_timestamp":true,"id":true,"name_prefix":true,"private_key":true,"project":true,"self_link":true},"before_sensitive":false,"after_sensitive":{"certificate":true,"private_key":true}}},{"address":"google_compute_target_https_proxy.custom_domain[0]","mode":"managed","type":"google_compute_target_https_proxy","name":"custom_domain","index":0,"provider_name":"registry.terraform.io/hashicorp/google","change":{"actions":["create"],"before":null,"after":{"certificate_map":null,"description":null,"name":"crmint-custom-https-lb-proxy","quic_override":"NONE","ssl_policy":null,"timeouts":null},"after_unknown":{"creation_timestamp":true,"id":true,"project":true,"proxy_bind":true,"proxy_id":true,"self_link":true,"ssl_certificates":true,"url_map":true},"before_sensitive":false,"after_sensitive":{"ssl_certificates":[]}}},{"address":"google_compute_target_https_proxy.default","mode":"managed","type":"google_compute_target_https_proxy","name":"default","provider_name":"registry.terraform.io/hashicorp/google","change":{"actions":["create"],"before":null,"after":{"certificate_map":null,"description":null,"name":"crmint-default-https-lb-proxy","quic_override":"NONE","ssl_policy":null,"timeouts":null},"after_unknown":{"creation_timestamp":true,"id":true,"project":true,"proxy_bind":true,"proxy_id":true,"self_link":true,"ssl_certificates":true,"url_map":true},"before_sensitive":false,"after_sensitive":{"ssl_certificates":[]}}},{"address":"google_compute_url_map.default","mode":"managed","type":"google_compute_url_map","name":"default","provider_name":"registry.terraform.io/hashicorp/google","change":{"actions":["create"],"before":null,"after":{"default_route_action":[],"default_url_redirect":[],"description":null,"header_action":[],"host_rule":[{"description":"","hosts":["*"],"path_matcher":"allpaths"}],"name":"crmint-http-lb","path_matcher":[{"default_route_action":[],"default_url_redirect":[],"description":null,"header_action":[],"name":"allpaths","path_rule":[{"paths":["/api/workers","/api/workers/*","/push/start-task"],"route_action":[],"url_redirect":[]},{"paths":["/api/*","/push/start-pipeline","/push/task-finished"],"route_action":[],"url_redirect":[]}],"route_rules":[]}],"test":[],"timeouts":null},"after_unknown":{"creation_timestamp":true,"default_route_action":[],"default_service":true,"default_url_redirect":[],"fingerprint":true,"header_action":[],"host_rule":[{"hosts":[false]}],"id":true,"map_id":true,"path_matcher":[{"default_route_action":[],"default_service":true,"default_url_redirect":[],"header_action":[],"path_rule":[{"paths":[false,false,false],"route_action":[],"service":true,"url_redirect":[]},{"paths":[false,false,false],"route_action":[],"service":true,"url_redirect":[]}],"route_rules":[]}],"project":true,"self_link":true,"test":[]},"before_sensitive":false,"after_sensitive":{"default_route_action":[],"default_url_redirect":[],"header_action":[],"host_rule":[{"hosts":[false]}],"path_matcher":[{"default_route_action":[],"default_url_redirect":[],"header_action":[],"path_rule":[{"paths":[false,false,false],"route_action":[],"url_redirect":[]},{"paths":[false,false,false],"route_action":[],"url_redirect":[]}],"route_rules":[]}],"test":[]}}},{"address":"google_dns_managed_zone.custom_domain[0]","mode":"managed","type":"google_dns_managed_zone","name":"custom_domain","index":0,"provider_name":"registry.terraform.io/hashicorp/google","change":{"actions":["create"],"before":null,"after":{"description":"Test DNS zone for our Instant BQML Demo environment","dns_name":"instant-bqml-demo.com.","dnssec_config":[{"default_key_specs":[{"algorithm":"rsasha256","key_length":2048,"key_type":"keySigning","kind":"dns#dnsKeySpec"},{"algorithm":"rsasha256","key_length":1024,"key_type":"zoneSigning","kind":"dns#dnsKeySpec"}],"kind":"dns#managedZoneDnsSecConfig","non_existence":"nsec3","state":"on"}],"force_destroy":false,"forwarding_config":[],"labels":null,"name":"instant-bqml-demo-com","peering_config":[],"private_visibility_config":[],"timeouts":null,"visibility":"public"},"after_unknown":{"cloud_logging_config":true,"creation_time":true,"dnssec_config":[{"default_key_specs":[{},{}]}],"forwarding_config":[],"id":true,"managed_zone_id":true,"name_servers":true,"peering_config":[],"private_visibility_config":[],"project":true},"before_sensitive":false,"after_sensitive":{"cloud_logging_config":[],"dnssec_config":[{"default_key_specs":[{},{}]}],"forwarding_config":[],"name_servers":[],"peering_config":[],"private_visibility_config":[]}}},{"address":"google_dns_record_set.frontend[0]","mode":"managed","type":"google_dns_record_set","name":"frontend","index":0,"provider_name":"registry.terraform.io/hashicorp/google","change":{"actions":["create"],"before":null,"after":{"managed_zone":"instant-bqml-demo-com","name":"instant-bqml-demo.com.","routing_policy":[],"ttl":300,"type":"A"},"after_unknown":{"id":true,"project":true,"routing_policy":[],"rrdatas":true},"before_sensitive":false,"after_sensitive":{"routing_policy":[],"rrdatas":[]}}},{"address":"google_iap_brand.default","mode":"managed","type":"google_iap_brand","name":"default","provider_name":"registry.terraform.io/hashicorp/google","change":{"actions":["create"],"before":null,"after":{"application_title":"Cloud IAP protected Application","project":"instant-bqml-demo-environment","support_email":"dulacp@google.com","timeouts":null},"after_unknown":{"id":true,"name":true,"org_internal_only":true},"before_sensitive":false,"after_sensitive":{}}},{"address":"google_iap_client.default","mode":"managed","type":"google_iap_client","name":"default","provider_name":"registry.terraform.io/hashicorp/google","change":{"actions":["create"],"before":null,"after":{"display_name":"Test Client","timeouts":null},"after_unknown":{"brand":true,"client_id":true,"id":true,"secret":true},"before_sensitive":false,"after_sensitive":{"secret":true}}},{"address":"google_iap_web_backend_service_iam_policy.controller","mode":"managed","type":"google_iap_web_backend_service_iam_policy","name":"controller","provider_name":"registry.terraform.io/hashicorp/google","change":{"actions":["create"],"before":null,"after":{"policy_data":"{\"bindings\":[{\"members\":[\"user:aprikhodko@google.com\",\"user:ctimoteo@google.com\",\"user:dulacp@google.com\",\"user:schiff@google.com\"],\"role\":\"roles/iap.httpsResourceAccessor\"}]}","web_backend_service":"crmint-controller-backend-service"},"after_unknown":{"etag":true,"id":true,"project":true},"before_sensitive":false,"after_sensitive":{}}},{"address":"google_iap_web_backend_service_iam_policy.frontend","mode":"managed","type":"google_iap_web_backend_service_iam_policy","name":"frontend","provider_name":"registry.terraform.io/hashicorp/google","change":{"actions":["create"],"before":null,"after":{"policy_data":"{\"bindings\":[{\"members\":[\"user:aprikhodko@google.com\",\"user:ctimoteo@google.com\",\"user:dulacp@google.com\",\"user:schiff@google.com\"],\"role\":\"roles/iap.httpsResourceAccessor\"}]}","web_backend_service":"crmint-frontend-backend-service"},"after_unknown":{"etag":true,"id":true,"project":true},"before_sensitive":false,"after_sensitive":{}}},{"address":"google_iap_web_backend_service_iam_policy.jobs","mode":"managed","type":"google_iap_web_backend_service_iam_policy","name":"jobs","provider_name":"registry.terraform.io/hashicorp/google","change":{"actions":["create"],"before":null,"after":{"policy_data":"{\"bindings\":[{\"members\":[\"user:aprikhodko@google.com\",\"user:ctimoteo@google.com\",\"user:dulacp@google.com\",\"user:schiff@google.com\"],\"role\":\"roles/iap.httpsResourceAccessor\"}]}","web_backend_service":"crmint-jobs-backend-service"},"after_unknown":{"etag":true,"id":true,"project":true},"before_sensitive":false,"after_sensitive":{}}},{"address":"google_project_iam_member.cloudbuild_managed_sa--cloudsql-client","mode":"managed","type":"google_project_iam_member","name":"cloudbuild_managed_sa--cloudsql-client","provider_name":"registry.terraform.io/hashicorp/google","change":{"actions":["create"],"before":null,"after":{"condition":[],"project":"instant-bqml-demo-environment","role":"roles/cloudsql.client"},"after_unknown":{"condition":[],"etag":true,"id":true,"member":true},"before_sensitive":false,"after_sensitive":{"condition":[]}}},{"address":"google_project_iam_member.cloudbuild_managed_sa--object-viewer","mode":"managed","type":"google_project_iam_member","name":"cloudbuild_managed_sa--object-viewer","provider_name":"registry.terraform.io/hashicorp/google","change":{"actions":["create"],"before":null,"after":{"condition":[],"project":"instant-bqml-demo-environment","role":"roles/storage.objectViewer"},"after_unknown":{"condition":[],"etag":true,"id":true,"member":true},"before_sensitive":false,"after_sensitive":{"condition":[]}}},{"address":"google_project_iam_member.controller_sa--cloudsql-client","mode":"managed","type":"google_project_iam_member","name":"controller_sa--cloudsql-client","provider_name":"registry.terraform.io/hashicorp/google","change":{"actions":["create"],"before":null,"after":{"condition":[],"project":"instant-bqml-demo-environment","role":"roles/cloudsql.client"},"after_unknown":{"condition":[],"etag":true,"id":true,"member":true},"before_sensitive":false,"after_sensitive":{"condition":[]}}},{"address":"google_project_iam_member.iap_sa--run_invoker","mode":"managed","type":"google_project_iam_member","name":"iap_sa--run_invoker","provider_name":"registry.terraform.io/hashicorp/google","change":{"actions":["create"],"before":null,"after":{"condition":[],"project":"instant-bqml-demo-environment","role":"roles/run.invoker"},"after_unknown":{"condition":[],"etag":true,"id":true,"member":true},"before_sensitive":false,"after_sensitive":{"condition":[]}}},{"address":"google_project_iam_member.pubsub_token-creator","mode":"managed","type":"google_project_iam_member","name":"pubsub_token-creator","provider_name":"registry.terraform.io/hashicorp/google","change":{"actions":["create"],"before":null,"after":{"condition":[],"project":"instant-bqml-demo-environment","role":"roles/iam.serviceAccountTokenCreator"},"after_unknown":{"condition":[],"etag":true,"id":true,"member":true},"before_sensitive":false,"after_sensitive":{"condition":[]}}},{"address":"google_project_service.aiplatform[\"aiplatform.googleapis.com\"]","mode":"managed","type":"google_project_service","name":"aiplatform","index":"aiplatform.googleapis.com","provider_name":"registry.terraform.io/hashicorp/google","change":{"actions":["create"],"before":null,"after":{"disable_dependent_services":null,"disable_on_destroy":true,"project":"instant-bqml-demo-environment","service":"aiplatform.googleapis.com","timeouts":null},"after_unknown":{"id":true},"before_sensitive":false,"after_sensitive":{}}},{"address":"google_project_service.aiplatform[\"analytics.googleapis.com\"]","mode":"managed","type":"google_project_service","name":"aiplatform","index":"analytics.googleapis.com","provider_name":"registry.terraform.io/hashicorp/google","change":{"actions":["create"],"before":null,"after":{"disable_dependent_services":null,"disable_on_destroy":true,"project":"instant-bqml-demo-environment","service":"analytics.googleapis.com","timeouts":null},"after_unknown":{"id":true},"before_sensitive":false,"after_sensitive":{}}},{"address":"google_project_service.aiplatform[\"analyticsadmin.googleapis.com\"]","mode":"managed","type":"google_project_service","name":"aiplatform","index":"analyticsadmin.googleapis.com","provider_name":"registry.terraform.io/hashicorp/google","change":{"actions":["create"],"before":null,"after":{"disable_dependent_services":null,"disable_on_destroy":true,"project":"instant-bqml-demo-environment","service":"analyticsadmin.googleapis.com","timeouts":null},"after_unknown":{"id":true},"before_sensitive":false,"after_sensitive":{}}},{"address":"google_project_service.aiplatform[\"analyticsreporting.googleapis.com\"]","mode":"managed","type":"google_project_service","name":"aiplatform","index":"analyticsreporting.googleapis.com","provider_name":"registry.terraform.io/hashicorp/google","change":{"actions":["create"],"before":null,"after":{"disable_dependent_services":null,"disable_on_destroy":true,"project":"instant-bqml-demo-environment","service":"analyticsreporting.googleapis.com","timeouts":null},"after_unknown":{"id":true},"before_sensitive":false,"after_sensitive":{}}},{"address":"google_project_service.aiplatform[\"cloudscheduler.googleapis.com\"]","mode":"managed","type":"google_project_service","name":"aiplatform","index":"cloudscheduler.googleapis.com","provider_name":"registry.terraform.io/hashicorp/google","change":{"actions":["create"],"before":null,"after":{"disable_dependent_services":null,"disable_on_destroy":true,"project":"instant-bqml-demo-environment","service":"cloudscheduler.googleapis.com","timeouts":null},"after_unknown":{"id":true},"before_sensitive":false,"after_sensitive":{}}},{"address":"google_project_service.aiplatform[\"logging.googleapis.com\"]","mode":"managed","type":"google_project_service","name":"aiplatform","index":"logging.googleapis.com","provider_name":"registry.terraform.io/hashicorp/google","change":{"actions":["create"],"before":null,"after":{"disable_dependent_services":null,"disable_on_destroy":true,"project":"instant-bqml-demo-environment","service":"logging.googleapis.com","timeouts":null},"after_unknown":{"id":true},"before_sensitive":false,"after_sensitive":{}}},{"address":"google_project_service.aiplatform[\"pubsub.googleapis.com\"]","mode":"managed","type":"google_project_service","name":"aiplatform","index":"pubsub.googleapis.com","provider_name":"registry.terraform.io/hashicorp/google","change":{"actions":["create"],"before":null,"after":{"disable_dependent_services":null,"disable_on_destroy":true,"project":"instant-bqml-demo-environment","service":"pubsub.googleapis.com","timeouts":null},"after_unknown":{"id":true},"before_sensitive":false,"after_sensitive":{}}},{"address":"google_project_service.aiplatform[\"servicenetworking.googleapis.com\"]","mode":"managed","type":"google_project_service","name":"aiplatform","index":"servicenetworking.googleapis.com","provider_name":"registry.terraform.io/hashicorp/google","change":{"actions":["create"],"before":null,"after":{"disable_dependent_services":null,"disable_on_destroy":true,"project":"instant-bqml-demo-environment","service":"servicenetworking.googleapis.com","timeouts":null},"after_unknown":{"id":true},"before_sensitive":false,"after_sensitive":{}}},{"address":"google_project_service.aiplatform[\"storage-api.googleapis.com\"]","mode":"managed","type":"google_project_service","name":"aiplatform","index":"storage-api.googleapis.com","provider_name":"registry.terraform.io/hashicorp/google","change":{"actions":["create"],"before":null,"after":{"disable_dependent_services":null,"disable_on_destroy":true,"project":"instant-bqml-demo-environment","service":"storage-api.googleapis.com","timeouts":null},"after_unknown":{"id":true},"before_sensitive":false,"after_sensitive":{}}},{"address":"google_project_service.aiplatform[\"storage-component.googleapis.com\"]","mode":"managed","type":"google_project_service","name":"aiplatform","index":"storage-component.googleapis.com","provider_name":"registry.terraform.io/hashicorp/google","change":{"actions":["create"],"before":null,"after":{"disable_dependent_services":null,"disable_on_destroy":true,"project":"instant-bqml-demo-environment","service":"storage-component.googleapis.com","timeouts":null},"after_unknown":{"id":true},"before_sensitive":false,"after_sensitive":{}}},{"address":"google_project_service.dns_service[0]","mode":"managed","type":"google_project_service","name":"dns_service","index":0,"provider_name":"registry.terraform.io/hashicorp/google","change":{"actions":["create"],"before":null,"after":{"disable_dependent_services":null,"disable_on_destroy":true,"project":"instant-bqml-demo-environment","service":"dns.googleapis.com","timeouts":null},"after_unknown":{"id":true},"before_sensitive":false,"after_sensitive":{}}},{"address":"google_project_service.iap_service","mode":"managed","type":"google_project_service","name":"iap_service","provider_name":"registry.terraform.io/hashicorp/google","change":{"actions":["create"],"before":null,"after":{"disable_dependent_services":null,"disable_on_destroy":true,"project":"instant-bqml-demo-environment","service":"iap.googleapis.com","timeouts":null},"after_unknown":{"id":true},"before_sensitive":false,"after_sensitive":{}}},{"address":"google_project_service_identity.cloudbuild_managed_sa","mode":"managed","type":"google_project_service_identity","name":"cloudbuild_managed_sa","provider_name":"registry.terraform.io/hashicorp/google-beta","change":{"actions":["create"],"before":null,"after":{"project":"instant-bqml-demo-environment","service":"cloudbuild.googleapis.com","timeouts":null},"after_unknown":{"email":true,"id":true},"before_sensitive":false,"after_sensitive":{}}},{"address":"google_project_service_identity.iap_sa","mode":"managed","type":"google_project_service_identity","name":"iap_sa","provider_name":"registry.terraform.io/hashicorp/google-beta","change":{"actions":["create"],"before":null,"after":{"project":"instant-bqml-demo-environment","service":"iap.googleapis.com","timeouts":null},"after_unknown":{"email":true,"id":true},"before_sensitive":false,"after_sensitive":{}}},{"address":"google_project_service_identity.pubsub_managed_sa","mode":"managed","type":"google_project_service_identity","name":"pubsub_managed_sa","provider_name":"registry.terraform.io/hashicorp/google-beta","change":{"actions":["create"],"before":null,"after":{"project":"instant-bqml-demo-environment","service":"pubsub.googleapis.com","timeouts":null},"after_unknown":{"email":true,"id":true},"before_sensitive":false,"after_sensitive":{}}},{"address":"google_pubsub_subscription.subscriptions[\"crmint-3-start-pipeline\"]","mode":"managed","type":"google_pubsub_subscription","name":"subscriptions","index":"crmint-3-start-pipeline","provider_name":"registry.terraform.io/hashicorp/google","change":{"actions":["create"],"before":null,"after":{"ack_deadline_seconds":60,"bigquery_config":[],"dead_letter_policy":[],"enable_exactly_once_delivery":null,"enable_message_ordering":null,"expiration_policy":[{"ttl":""}],"filter":null,"labels":null,"message_retention_duration":"604800s","name":"crmint-3-start-pipeline-subscription","push_config":[{"attributes":null,"oidc_token":[{"audience":null}]}],"retain_acked_messages":null,"retry_policy":[{"minimum_backoff":"10s"}],"timeouts":null},"after_unknown":{"bigquery_config":[],"dead_letter_policy":[],"expiration_policy":[{}],"id":true,"project":true,"push_config":[{"oidc_token":[{"service_account_email":true}],"push_endpoint":true}],"retry_policy":[{"maximum_backoff":true}],"topic":true},"before_sensitive":false,"after_sensitive":{"bigquery_config":[],"dead_letter_policy":[],"expiration_policy":[{}],"push_config":[{"oidc_token":[{}]}],"retry_policy":[{}]}}},{"address":"google_pubsub_subscription.subscriptions[\"crmint-3-start-task\"]","mode":"managed","type":"google_pubsub_subscription","name":"subscriptions","index":"crmint-3-start-task","provider_name":"registry.terraform.io/hashicorp/google","change":{"actions":["create"],"before":null,"after":{"ack_deadline_seconds":600,"bigquery_config":[],"dead_letter_policy":[],"enable_exactly_once_delivery":null,"enable_message_ordering":null,"expiration_policy":[{"ttl":""}],"filter":null,"labels":null,"message_retention_duration":"604800s","name":"crmint-3-start-task-subscription","push_config":[{"attributes":null,"oidc_token":[{"audience":null}]}],"retain_acked_messages":null,"retry_policy":[{"minimum_backoff":"60s"}],"timeouts":null},"after_unknown":{"bigquery_config":[],"dead_letter_policy":[],"expiration_policy":[{}],"id":true,"project":true,"push_config":[{"oidc_token":[{"service_account_email":true}],"push_endpoint":true}],"retry_policy":[{"maximum_backoff":true}],"topic":true},"before_sensitive":false,"after_sensitive":{"bigquery_config":[],"dead_letter_policy":[],"expiration_policy":[{}],"push_config":[{"oidc_token":[{}]}],"retry_policy":[{}]}}},{"address":"google_pubsub_subscription.subscriptions[\"crmint-3-task-finished\"]","mode":"managed","type":"google_pubsub_subscription","name":"subscriptions","index":"crmint-3-task-finished","provider_name":"registry.terraform.io/hashicorp/google","change":{"actions":["create"],"before":null,"after":{"ack_deadline_seconds":60,"bigquery_config":[],"dead_letter_policy":[],"enable_exactly_once_delivery":null,"enable_message_ordering":null,"expiration_policy":[{"ttl":""}],"filter":null,"labels":null,"message_retention_duration":"604800s","name":"crmint-3-task-finished-subscription","push_config":[{"attributes":null,"oidc_token":[{"audience":null}]}],"retain_acked_messages":null,"retry_policy":[{"minimum_backoff":"10s"}],"timeouts":null},"after_unknown":{"bigquery_config":[],"dead_letter_policy":[],"expiration_policy":[{}],"id":true,"project":true,"push_config":[{"oidc_token":[{"service_account_email":true}],"push_endpoint":true}],"retry_policy":[{"maximum_backoff":true}],"topic":true},"before_sensitive":false,"after_sensitive":{"bigquery_config":[],"dead_letter_policy":[],"expiration_policy":[{}],"push_config":[{"oidc_token":[{}]}],"retry_policy":[{}]}}},{"address":"google_pubsub_topic.pipeline-finished","mode":"managed","type":"google_pubsub_topic","name":"pipeline-finished","provider_name":"registry.terraform.io/hashicorp/google","change":{"actions":["create"],"before":null,"after":{"kms_key_name":null,"labels":null,"message_retention_duration":null,"name":"crmint-3-pipeline-finished","timeouts":null},"after_unknown":{"id":true,"message_storage_policy":true,"project":true,"schema_settings":true},"before_sensitive":false,"after_sensitive":{"message_storage_policy":[],"schema_settings":[]}}},{"address":"google_pubsub_topic.topics[\"crmint-3-start-pipeline\"]","mode":"managed","type":"google_pubsub_topic","name":"topics","index":"crmint-3-start-pipeline","provider_name":"registry.terraform.io/hashicorp/google","change":{"actions":["create"],"before":null,"after":{"kms_key_name":null,"labels":null,"message_retention_duration":null,"name":"crmint-3-start-pipeline","timeouts":null},"after_unknown":{"id":true,"message_storage_policy":true,"project":true,"schema_settings":true},"before_sensitive":false,"after_sensitive":{"message_storage_policy":[],"schema_settings":[]}}},{"address":"google_pubsub_topic.topics[\"crmint-3-start-task\"]","mode":"managed","type":"google_pubsub_topic","name":"topics","index":"crmint-3-start-task","provider_name":"registry.terraform.io/hashicorp/google","change":{"actions":["create"],"before":null,"after":{"kms_key_name":null,"labels":null,"message_retention_duration":null,"name":"crmint-3-start-task","timeouts":null},"after_unknown":{"id":true,"message_storage_policy":true,"project":true,"schema_settings":true},"before_sensitive":false,"after_sensitive":{"message_storage_policy":[],"schema_settings":[]}}},{"address":"google_pubsub_topic.topics[\"crmint-3-task-finished\"]","mode":"managed","type":"google_pubsub_topic","name":"topics","index":"crmint-3-task-finished","provider_name":"registry.terraform.io/hashicorp/google","change":{"actions":["create"],"before":null,"after":{"kms_key_name":null,"labels":null,"message_retention_duration":null,"name":"crmint-3-task-finished","timeouts":null},"after_unknown":{"id":true,"message_storage_policy":true,"project":true,"schema_settings":true},"before_sensitive":false,"after_sensitive":{"message_storage_policy":[],"schema_settings":[]}}},{"address":"google_service_account.controller_sa","mode":"managed","type":"google_service_account","name":"controller_sa","provider_name":"registry.terraform.io/hashicorp/google","change":{"actions":["create"],"before":null,"after":{"account_id":"crmint-controller-sa","description":null,"disabled":false,"display_name":"CRMint Controller Service Account","project":"instant-bqml-demo-environment","timeouts":null},"after_unknown":{"email":true,"id":true,"member":true,"name":true,"unique_id":true},"before_sensitive":false,"after_sensitive":{}}},{"address":"google_service_account.frontend_sa","mode":"managed","type":"google_service_account","name":"frontend_sa","provider_name":"registry.terraform.io/hashicorp/google","change":{"actions":["create"],"before":null,"after":{"account_id":"crmint-frontend-sa","description":null,"disabled":false,"display_name":"CRMint Frontend Service Account","project":"instant-bqml-demo-environment","timeouts":null},"after_unknown":{"email":true,"id":true,"member":true,"name":true,"unique_id":true},"before_sensitive":false,"after_sensitive":{}}},{"address":"google_service_account.jobs_sa","mode":"managed","type":"google_service_account","name":"jobs_sa","provider_name":"registry.terraform.io/hashicorp/google","change":{"actions":["create"],"before":null,"after":{"account_id":"crmint-jobs-sa","description":null,"disabled":false,"display_name":"CRMint Jobs Service Account","project":"instant-bqml-demo-environment","timeouts":null},"after_unknown":{"email":true,"id":true,"member":true,"name":true,"unique_id":true},"before_sensitive":false,"after_sensitive":{}}},{"address":"google_service_account.pubsub_sa","mode":"managed","type":"google_service_account","name":"pubsub_sa","provider_name":"registry.terraform.io/hashicorp/google","change":{"actions":["create"],"before":null,"after":{"account_id":"crmint-pubsub-sa","description":null,"disabled":false,"display_name":"CRMint PubSub Service Account","project":"instant-bqml-demo-environment","timeouts":null},"after_unknown":{"email":true,"id":true,"member":true,"name":true,"unique_id":true},"before_sensitive":false,"after_sensitive":{}}},{"address":"google_sql_database.crmint","mode":"managed","type":"google_sql_database","name":"crmint","provider_name":"registry.terraform.io/hashicorp/google","change":{"actions":["create"],"before":null,"after":{"instance":"crmintapp-db-clone","name":"crmintapp-db","timeouts":null},"after_unknown":{"charset":true,"collation":true,"id":true,"project":true,"self_link":true},"before_sensitive":false,"after_sensitive":{}}},{"address":"google_sql_database_instance.main","mode":"managed","type":"google_sql_database_instance","name":"main","provider_name":"registry.terraform.io/hashicorp/google","change":{"actions":["create"],"before":null,"after":{"clone":[],"database_version":"MYSQL_8_0","deletion_protection":true,"name":"crmintapp-db-clone","project":"instant-bqml-demo-environment","region":"us-east1","restore_backup_context":[],"root_password":null,"settings":[{"activation_policy":"ALWAYS","active_directory_config":[],"availability_type":"ZONAL","collation":null,"database_flags":[],"disk_autoresize":true,"disk_autoresize_limit":0,"disk_type":"PD_SSD","insights_config":[{"query_insights_enabled":true,"query_string_length":1024,"record_application_tags":false,"record_client_address":false}],"maintenance_window":[{"day":7,"hour":2,"update_track":null}],"password_validation_policy":[],"pricing_plan":"PER_USE","sql_server_audit_config":[],"tier":"db-g1-small","time_zone":null}],"timeouts":null},"after_unknown":{"available_maintenance_versions":true,"clone":[],"connection_name":true,"encryption_key_name":true,"first_ip_address":true,"id":true,"ip_address":true,"maintenance_version":true,"master_instance_name":true,"private_ip_address":true,"public_ip_address":true,"replica_configuration":true,"restore_backup_context":[],"self_link":true,"server_ca_cert":true,"service_account_email_address":true,"settings":[{"active_directory_config":[],"backup_configuration":true,"database_flags":[],"disk_size":true,"insights_config":[{}],"ip_configuration":true,"location_preference":true,"maintenance_window":[{}],"password_validation_policy":[],"sql_server_audit_config":[],"user_labels":true,"version":true}]},"before_sensitive":false,"after_sensitive":{"available_maintenance_versions":[],"clone":[],"ip_address":[],"replica_configuration":[],"restore_backup_context":[],"root_password":true,"server_ca_cert":[],"settings":[{"active_directory_config":[],"backup_configuration":[],"database_flags":[],"insights_config":[{}],"ip_configuration":[],"location_preference":[],"maintenance_window":[{}],"password_validation_policy":[],"sql_server_audit_config":[],"user_labels":{}}]}}},{"address":"google_sql_user.crmint","mode":"managed","type":"google_sql_user","name":"crmint","provider_name":"registry.terraform.io/hashicorp/google","change":{"actions":["create"],"before":null,"after":{"deletion_policy":null,"instance":"crmintapp-db-clone","name":"crmintapp","password_policy":[],"timeouts":null,"type":null},"after_unknown":{"host":true,"id":true,"password":true,"password_policy":[],"project":true,"sql_server_user_details":true},"before_sensitive":false,"after_sensitive":{"password":true,"password_policy":[],"sql_server_user_details":[]}}},{"address":"module.cli.null_resource.run_command[0]","module_address":"module.cli","mode":"managed","type":"null_resource","name":"run_command","index":0,"provider_name":"registry.terraform.io/hashicorp/null","change":{"actions":["create"],"before":null,"after":{"triggers":{"controller_digest":"26d4a3f1e816","create_cmd_entrypoint":"gcloud","gcloud_bin_abs_path":"/google-cloud-sdk/bin","md5":"7f22bf39aaf5ce5980111c3587bef5b5"}},"after_unknown":{"id":true,"triggers":{"arguments":true,"create_cmd_body":true}},"before_sensitive":false,"after_sensitive":{"triggers":{"create_cmd_body":true}}}},{"address":"module.cli.null_resource.run_destroy_command[0]","module_address":"module.cli","mode":"managed","type":"null_resource","name":"run_destroy_command","index":0,"provider_name":"registry.terraform.io/hashicorp/null","change":{"actions":["create"],"before":null,"after":{"triggers":{"controller_digest":"26d4a3f1e816","destroy_cmd_body":"info","destroy_cmd_entrypoint":"gcloud","gcloud_bin_abs_path":"/google-cloud-sdk/bin"}},"after_unknown":{"id":true,"triggers":{}},"before_sensitive":false,"after_sensitive":{"triggers":{}}}},{"address":"random_id.pubsub_verification_token","mode":"managed","type":"random_id","name":"pubsub_verification_token","provider_name":"registry.terraform.io/hashicorp/random","change":{"actions":["create"],"before":null,"after":{"byte_length":16,"keepers":null,"prefix":null},"after_unknown":{"b64_std":true,"b64_url":true,"dec":true,"hex":true,"id":true},"before_sensitive":false,"after_sensitive":{}}},{"address":"random_password.main_db_password","mode":"managed","type":"random_password","name":"main_db_password","provider_name":"registry.terraform.io/hashicorp/random","change":{"actions":["create"],"before":null,"after":{"keepers":null,"length":16,"lower":true,"min_lower":0,"min_numeric":0,"min_special":0,"min_upper":0,"number":true,"numeric":true,"override_special":null,"special":true,"upper":true},"after_unknown":{"bcrypt_hash":true,"id":true,"result":true},"before_sensitive":false,"after_sensitive":{"bcrypt_hash":true,"result":true}}},{"address":"tls_cert_request.default","mode":"managed","type":"tls_cert_request","name":"default","provider_name":"registry.terraform.io/hashicorp/tls","change":{"actions":["create"],"before":null,"after":{"dns_names":[null],"ip_addresses":[null],"subject":[{"country":null,"locality":null,"organization":"CRMint OpenSource","organizational_unit":null,"postal_code":null,"province":null,"serial_number":null,"street_address":null}],"uris":null},"after_unknown":{"cert_request_pem":true,"dns_names":[true],"id":true,"ip_addresses":[true],"key_algorithm":true,"private_key_pem":true,"subject":[{"common_name":true}]},"before_sensitive":false,"after_sensitive":{"dns_names":[false],"ip_addresses":[false],"private_key_pem":true,"subject":[{}]}}},{"address":"tls_locally_signed_cert.default","mode":"managed","type":"tls_locally_signed_cert","name":"default","provider_name":"registry.terraform.io/hashicorp/tls","change":{"actions":["create"],"before":null,"after":{"allowed_uses":["key_encipherment","digital_signature","client_auth","server_auth"],"early_renewal_hours":0,"is_ca_certificate":false,"ready_for_renewal":false,"set_subject_key_id":false,"validity_period_hours":8760},"after_unknown":{"allowed_uses":[false,false,false,false],"ca_cert_pem":true,"ca_key_algorithm":true,"ca_private_key_pem":true,"cert_pem":true,"cert_request_pem":true,"id":true,"validity_end_time":true,"validity_start_time":true},"before_sensitive":false,"after_sensitive":{"allowed_uses":[false,false,false,false],"ca_private_key_pem":true}}},{"address":"tls_private_key.default","mode":"managed","type":"tls_private_key","name":"default","provider_name":"registry.terraform.io/hashicorp/tls","change":{"actions":["create"],"before":null,"after":{"algorithm":"ECDSA","ecdsa_curve":"P256","rsa_bits":2048},"after_unknown":{"id":true,"private_key_openssh":true,"private_key_pem":true,"private_key_pem_pkcs8":true,"public_key_fingerprint_md5":true,"public_key_fingerprint_sha256":true,"public_key_openssh":true,"public_key_pem":true},"before_sensitive":false,"after_sensitive":{"private_key_openssh":true,"private_key_pem":true,"private_key_pem_pkcs8":true}}},{"address":"tls_private_key.root","mode":"managed","type":"tls_private_key","name":"root","provider_name":"registry.terraform.io/hashicorp/tls","change":{"actions":["create"],"before":null,"after":{"algorithm":"RSA","ecdsa_curve":"P224","rsa_bits":2048},"after_unknown":{"id":true,"private_key_openssh":true,"private_key_pem":true,"private_key_pem_pkcs8":true,"public_key_fingerprint_md5":true,"public_key_fingerprint_sha256":true,"public_key_openssh":true,"public_key_pem":true},"before_sensitive":false,"after_sensitive":{"private_key_openssh":true,"private_key_pem":true,"private_key_pem_pkcs8":true}}},{"address":"tls_self_signed_cert.root","mode":"managed","type":"tls_self_signed_cert","name":"root","provider_name":"registry.terraform.io/hashicorp/tls","change":{"actions":["create"],"before":null,"after":{"allowed_uses":["cert_signing","crl_signing","digital_signature"],"dns_names":null,"early_renewal_hours":0,"ip_addresses":null,"is_ca_certificate":true,"ready_for_renewal":false,"set_authority_key_id":false,"set_subject_key_id":false,"subject":[{"common_name":"CRMint Personal Root","country":null,"locality":null,"organization":"CRMint OpenSource","organizational_unit":null,"postal_code":null,"province":null,"serial_number":null,"street_address":null}],"uris":null,"validity_period_hours":8760},"after_unknown":{"allowed_uses":[false,false,false],"cert_pem":true,"id":true,"key_algorithm":true,"private_key_pem":true,"subject":[{}],"validity_end_time":true,"validity_start_time":true},"before_sensitive":false,"after_sensitive":{"allowed_uses":[false,false,false],"private_key_pem":true,"subject":[{}]}}}],"output_changes":{"frontend_url":{"actions":["create"],"before":null,"after_unknown":true,"before_sensitive":false,"after_sensitive":false}},"prior_state":{"format_version":"1.0","terraform_version":"1.3.4","values":{"root_module":{"resources":[{"address":"data.external.deployed_controller_image_metadata","mode":"data","type":"external","name":"deployed_controller_image_metadata","provider_name":"registry.terraform.io/hashicorp/external","schema_version":0,"values":{"id":"-","program":["../scripts/read_image_metadata.sh"],"query":{"image_name":"europe-docker.pkg.dev/instant-bqml-demo-environment/crmint/controller","image_tag":"latest"},"result":{"digest":"26d4a3f1e816"},"working_dir":null},"sensitive_values":{"program":[false],"query":{},"result":{}}},{"address":"data.google_iam_policy.iap_users","mode":"data","type":"google_iam_policy","name":"iap_users","provider_name":"registry.terraform.io/hashicorp/google","schema_version":0,"values":{"audit_config":null,"binding":[{"condition":[],"members":["user:aprikhodko@google.com","user:ctimoteo@google.com","user:dulacp@google.com","user:schiff@google.com"],"role":"roles/iap.httpsResourceAccessor"}],"id":"3198875924","policy_data":"{\"bindings\":[{\"members\":[\"user:aprikhodko@google.com\",\"user:ctimoteo@google.com\",\"user:dulacp@google.com\",\"user:schiff@google.com\"],\"role\":\"roles/iap.httpsResourceAccessor\"}]}"},"sensitive_values":{"binding":[{"condition":[],"members":[false,false,false,false]}]}}],"child_modules":[{"resources":[{"address":"module.cli.data.external.env_override[0]","mode":"data","type":"external","name":"env_override","index":0,"provider_name":"registry.terraform.io/hashicorp/external","schema_version":0,"values":{"id":"-","program":[".terraform/modules/cli/scripts/check_env.sh"],"query":null,"result":{"download":""},"working_dir":null},"sensitive_values":{"program":[false],"result":{}}}],"address":"module.cli"}]}}},"configuration":{"provider_config":{"external":{"name":"external","full_name":"registry.terraform.io/hashicorp/external"},"google":{"name":"google","full_name":"registry.terraform.io/hashicorp/google","version_constraint":"4.42.1","expressions":{"project":{"references":["var.project_id"]},"region":{"references":["var.region"]},"zone":{"references":["var.zone"]}}},"google-beta":{"name":"google-beta","full_name":"registry.terraform.io/hashicorp/google-beta"},"module.cli:null":{"name":"null","full_name":"registry.terraform.io/hashicorp/null","module_address":"module.cli"},"random":{"name":"random","full_name":"registry.terraform.io/hashicorp/random","version_constraint":"3.4.3"},"tls":{"name":"tls","full_name":"registry.terraform.io/hashicorp/tls","version_constraint":"4.0.4"}},"root_module":{"outputs":{"frontend_url":{"expression":{"references":["tls_cert_request.default.dns_names[0]","tls_cert_request.default.dns_names","tls_cert_request.default"]},"description":"The url to access CRMint UI."}},"resources":[{"address":"google_cloud_run_service.controller_run","mode":"managed","type":"google_cloud_run_service","name":"controller_run","provider_config_key":"google-beta","expressions":{"autogenerate_revision_name":{"constant_value":true},"location":{"references":["var.region"]},"metadata":[{"annotations":{"constant_value":{"run.googleapis.com/ingress":"internal-and-cloud-load-balancing"}}}],"name":{"constant_value":"controller"},"project":{"references":["var.project_id"]},"template":[{"metadata":[{"annotations":{"references":["var.use_vpc","google_vpc_access_connector.connector[0].name","google_vpc_access_connector.connector[0]","google_vpc_access_connector.connector","google_sql_database_instance.main.connection_name","google_sql_database_instance.main"]}}],"spec":[{"containers":[{"env":[{"name":{"constant_value":"DATABASE_URI"},"value":{"references":["local.cloud_db_uri"]}},{"name":{"constant_value":"PUBSUB_VERIFICATION_TOKEN"},"value":{"references":["random_id.pubsub_verification_token.b64_url","random_id.pubsub_verification_token"]}}],"image":{"references":["var.project_id"]}}],"service_account_name":{"references":["google_service_account.controller_sa.email","google_service_account.controller_sa"]}}]}],"traffic":[{"latest_revision":{"constant_value":true},"percent":{"constant_value":100}}]},"schema_version":1},{"address":"google_cloud_run_service.frontend_run","mode":"managed","type":"google_cloud_run_service","name":"frontend_run","provider_config_key":"google","expressions":{"autogenerate_revision_name":{"constant_value":true},"location":{"references":["var.region"]},"metadata":[{"annotations":{"constant_value":{"run.googleapis.com/ingress":"internal-and-cloud-load-balancing"}}}],"name":{"constant_value":"frontend"},"project":{"references":["var.project_id"]},"template":[{"metadata":[{"annotations":{"constant_value":{"autoscaling.knative.dev/maxScale":"1","autoscaling.knative.dev/minScale":"1"}}}],"spec":[{"containers":[{"image":{"references":["var.project_id"]}}],"service_account_name":{"references":["google_service_account.frontend_sa.email","google_service_account.frontend_sa"]}}]}],"traffic":[{"latest_revision":{"constant_value":true},"percent":{"constant_value":100}}]},"schema_version":1},{"address":"google_cloud_run_service.jobs_run","mode":"managed","type":"google_cloud_run_service","name":"jobs_run","provider_config_key":"google-beta","expressions":{"autogenerate_revision_name":{"constant_value":true},"location":{"references":["var.region"]},"metadata":[{"annotations":{"constant_value":{"run.googleapis.com/ingress":"internal-and-cloud-load-balancing"}}}],"name":{"constant_value":"jobs"},"project":{"references":["var.project_id"]},"template":[{"metadata":[{"annotations":{"constant_value":{"autoscaling.knative.dev/maxScale":"20","autoscaling.knative.dev/minScale":"0"}}}],"spec":[{"containers":[{"env":[{"name":{"constant_value":"PUBSUB_VERIFICATION_TOKEN"},"value":{"references":["random_id.pubsub_verification_token.b64_url","random_id.pubsub_verification_token"]}}],"image":{"references":["var.project_id"]}}],"service_account_name":{"references":["google_service_account.jobs_sa.email","google_service_account.jobs_sa"]}}]}],"traffic":[{"latest_revision":{"constant_value":true},"percent":{"constant_value":100}}]},"schema_version":1},{"address":"google_cloud_run_service_iam_member.controller_run-public","mode":"managed","type":"google_cloud_run_service_iam_member","name":"controller_run-public","provider_config_key":"google","expressions":{"location":{"references":["google_cloud_run_service.controller_run.location","google_cloud_run_service.controller_run"]},"member":{"constant_value":"allUsers"},"project":{"references":["google_cloud_run_service.controller_run.project","google_cloud_run_service.controller_run"]},"role":{"constant_value":"roles/run.invoker"},"service":{"references":["google_cloud_run_service.controller_run.name","google_cloud_run_service.controller_run"]}},"schema_version":0},{"address":"google_cloud_run_service_iam_member.frontend_run-public","mode":"managed","type":"google_cloud_run_service_iam_member","name":"frontend_run-public","provider_config_key":"google","expressions":{"location":{"references":["google_cloud_run_service.frontend_run.location","google_cloud_run_service.frontend_run"]},"member":{"constant_value":"allUsers"},"project":{"references":["google_cloud_run_service.frontend_run.project","google_cloud_run_service.frontend_run"]},"role":{"constant_value":"roles/run.invoker"},"service":{"references":["google_cloud_run_service.frontend_run.name","google_cloud_run_service.frontend_run"]}},"schema_version":0},{"address":"google_cloud_run_service_iam_member.jobs_run-public","mode":"managed","type":"google_cloud_run_service_iam_member","name":"jobs_run-public","provider_config_key":"google","expressions":{"location":{"references":["google_cloud_run_service.jobs_run.location","google_cloud_run_service.jobs_run"]},"member":{"constant_value":"allUsers"},"project":{"references":["google_cloud_run_service.jobs_run.project","google_cloud_run_service.jobs_run"]},"role":{"constant_value":"roles/run.invoker"},"service":{"references":["google_cloud_run_service.jobs_run.name","google_cloud_run_service.jobs_run"]}},"schema_version":0},{"address":"google_cloud_scheduler_job.heartbeat","mode":"managed","type":"google_cloud_scheduler_job","name":"heartbeat","provider_config_key":"google","expressions":{"description":{"constant_value":"Triggers scheduled pipeline runs."},"name":{"constant_value":"crmint-heartbeat"},"project":{"references":["var.project_id"]},"pubsub_target":[{"attributes":{"constant_value":{"start_time":0}},"data":{},"topic_name":{"references":["google_pubsub_topic.topics"]}}],"schedule":{"constant_value":"* * * * *"}},"schema_version":0},{"address":"google_cloudbuild_worker_pool.private","mode":"managed","type":"google_cloudbuild_worker_pool","name":"private","provider_config_key":"google","expressions":{"location":{"references":["var.region"]},"name":{"constant_value":"crmint-private-pool"},"worker_config":[{"disk_size_gb":{"constant_value":100},"machine_type":{"constant_value":"e2-standard-2"},"no_external_ip":{"references":["var.use_vpc"]}}]},"schema_version":0,"depends_on":["google_project_service.vpcaccess","google_service_networking_connection.private_vpc_connection"]},{"address":"google_compute_backend_service.controller_backend","mode":"managed","type":"google_compute_backend_service","name":"controller_backend","provider_config_key":"google","expressions":{"backend":[{"group":{"references":["google_compute_region_network_endpoint_group.controller_neg.id","google_compute_region_network_endpoint_group.controller_neg"]}}],"connection_draining_timeout_sec":{"constant_value":10},"enable_cdn":{"constant_value":false},"iap":[{"oauth2_client_id":{"references":["google_iap_client.default.client_id","google_iap_client.default"]},"oauth2_client_secret":{"references":["google_iap_client.default.secret","google_iap_client.default"]}}],"load_balancing_scheme":{"constant_value":"EXTERNAL"},"name":{"constant_value":"crmint-controller-backend-service"},"protocol":{"constant_value":"HTTP"}},"schema_version":1},{"address":"google_compute_backend_service.frontend_backend","mode":"managed","type":"google_compute_backend_service","name":"frontend_backend","provider_config_key":"google","expressions":{"backend":[{"group":{"references":["google_compute_region_network_endpoint_group.frontend_neg.id","google_compute_region_network_endpoint_group.frontend_neg"]}}],"connection_draining_timeout_sec":{"constant_value":10},"enable_cdn":{"constant_value":false},"iap":[{"oauth2_client_id":{"references":["google_iap_client.default.client_id","google_iap_client.default"]},"oauth2_client_secret":{"references":["google_iap_client.default.secret","google_iap_client.default"]}}],"load_balancing_scheme":{"constant_value":"EXTERNAL"},"name":{"constant_value":"crmint-frontend-backend-service"},"protocol":{"constant_value":"HTTP"}},"schema_version":1},{"address":"google_compute_backend_service.jobs_backend","mode":"managed","type":"google_compute_backend_service","name":"jobs_backend","provider_config_key":"google","expressions":{"backend":[{"group":{"references":["google_compute_region_network_endpoint_group.jobs_neg.id","google_compute_region_network_endpoint_group.jobs_neg"]}}],"connection_draining_timeout_sec":{"constant_value":10},"enable_cdn":{"constant_value":false},"iap":[{"oauth2_client_id":{"references":["google_iap_client.default.client_id","google_iap_client.default"]},"oauth2_client_secret":{"references":["google_iap_client.default.secret","google_iap_client.default"]}}],"load_balancing_scheme":{"constant_value":"EXTERNAL"},"name":{"constant_value":"crmint-jobs-backend-service"},"protocol":{"constant_value":"HTTP"}},"schema_version":1},{"address":"google_compute_global_address.custom_domain","mode":"managed","type":"google_compute_global_address","name":"custom_domain","provider_config_key":"google","expressions":{"address_type":{"constant_value":"EXTERNAL"},"name":{"constant_value":"global-crmint-custom-domain"}},"schema_version":0,"count_expression":{"references":["var.custom_domain"]}},{"address":"google_compute_global_address.db_private_ip_address","mode":"managed","type":"google_compute_global_address","name":"db_private_ip_address","provider_config_key":"google-beta","expressions":{"address":{"constant_value":"192.168.0.0"},"address_type":{"constant_value":"INTERNAL"},"name":{"constant_value":"crmint-db-private-ip-address"},"network":{"references":["google_compute_network.private","count.index"]},"prefix_length":{"constant_value":16},"project":{"references":["var.network_project_id","var.network_project_id","var.project_id"]},"purpose":{"constant_value":"VPC_PEERING"}},"schema_version":0,"count_expression":{"references":["var.use_vpc"]}},{"address":"google_compute_global_address.default","mode":"managed","type":"google_compute_global_address","name":"default","provider_config_key":"google","expressions":{"address_type":{"constant_value":"EXTERNAL"},"name":{"constant_value":"global-crmint-default"}},"schema_version":0},{"address":"google_compute_global_forwarding_rule.custom_domain","mode":"managed","type":"google_compute_global_forwarding_rule","name":"custom_domain","provider_config_key":"google","expressions":{"ip_address":{"references":["google_compute_global_address.custom_domain","count.index"]},"ip_protocol":{"constant_value":"TCP"},"load_balancing_scheme":{"constant_value":"EXTERNAL"},"name":{"constant_value":"crmint-custom-https-lb-forwarding-rule"},"port_range":{"constant_value":"443"},"target":{"references":["google_compute_target_https_proxy.custom_domain","count.index"]}},"schema_version":0,"count_expression":{"references":["var.custom_domain"]}},{"address":"google_compute_global_forwarding_rule.default","mode":"managed","type":"google_compute_global_forwarding_rule","name":"default","provider_config_key":"google","expressions":{"ip_address":{"references":["google_compute_global_address.default.id","google_compute_global_address.default"]},"ip_protocol":{"constant_value":"TCP"},"load_balancing_scheme":{"constant_value":"EXTERNAL"},"name":{"constant_value":"crmint-default-https-lb-forwarding-rule"},"port_range":{"constant_value":"443"},"target":{"references":["google_compute_target_https_proxy.default.id","google_compute_target_https_proxy.default"]}},"schema_version":0},{"address":"google_compute_managed_ssl_certificate.custom_domain","mode":"managed","type":"google_compute_managed_ssl_certificate","name":"custom_domain","provider_config_key":"google","expressions":{"managed":[{"domains":{"references":["var.custom_domain"]}}],"name":{"constant_value":"crmint-custom-domain"}},"schema_version":0,"count_expression":{"references":["var.custom_domain"]}},{"address":"google_compute_network.private","mode":"managed","type":"google_compute_network","name":"private","provider_config_key":"google-beta","expressions":{"auto_create_subnetworks":{"constant_value":false},"mtu":{"constant_value":1460},"name":{"constant_value":"crmint-private-network"},"project":{"references":["var.network_project_id","var.network_project_id","var.project_id"]},"routing_mode":{"constant_value":"REGIONAL"}},"schema_version":0,"count_expression":{"references":["var.use_vpc"]}},{"address":"google_compute_region_network_endpoint_group.controller_neg","mode":"managed","type":"google_compute_region_network_endpoint_group","name":"controller_neg","provider_config_key":"google","expressions":{"cloud_run":[{"service":{"references":["google_cloud_run_service.controller_run.name","google_cloud_run_service.controller_run"]}}],"name":{"constant_value":"controller-neg"},"network_endpoint_type":{"constant_value":"SERVERLESS"},"region":{"references":["var.region"]}},"schema_version":0},{"address":"google_compute_region_network_endpoint_group.frontend_neg","mode":"managed","type":"google_compute_region_network_endpoint_group","name":"frontend_neg","provider_config_key":"google","expressions":{"cloud_run":[{"service":{"references":["google_cloud_run_service.frontend_run.name","google_cloud_run_service.frontend_run"]}}],"name":{"constant_value":"frontend-neg"},"network_endpoint_type":{"constant_value":"SERVERLESS"},"region":{"references":["var.region"]}},"schema_version":0},{"address":"google_compute_region_network_endpoint_group.jobs_neg","mode":"managed","type":"google_compute_region_network_endpoint_group","name":"jobs_neg","provider_config_key":"google","expressions":{"cloud_run":[{"service":{"references":["google_cloud_run_service.jobs_run.name","google_cloud_run_service.jobs_run"]}}],"name":{"constant_value":"jobs-neg"},"network_endpoint_type":{"constant_value":"SERVERLESS"},"region":{"references":["var.region"]}},"schema_version":0},{"address":"google_compute_ssl_certificate.locally_signed","mode":"managed","type":"google_compute_ssl_certificate","name":"locally_signed","provider_config_key":"google","expressions":{"certificate":{"references":["tls_locally_signed_cert.default.cert_pem","tls_locally_signed_cert.default","tls_self_signed_cert.root.cert_pem","tls_self_signed_cert.root"]},"description":{"constant_value":"Self managed certificate"},"name":{"constant_value":"crmint-locally-signed-with-chain"},"private_key":{"references":["tls_private_key.default.private_key_pem","tls_private_key.default"]}},"schema_version":0},{"address":"google_compute_subnetwork.private","mode":"managed","type":"google_compute_subnetwork","name":"private","provider_config_key":"google","expressions":{"ip_cidr_range":{"constant_value":"10.8.0.0/28"},"name":{"constant_value":"crmint-private-subnetwork"},"network":{"references":["google_compute_network.private","count.index"]},"region":{"references":["var.network_region","var.network_region","var.region"]}},"schema_version":0,"count_expression":{"references":["var.use_vpc"]}},{"address":"google_compute_target_https_proxy.custom_domain","mode":"managed","type":"google_compute_target_https_proxy","name":"custom_domain","provider_config_key":"google","expressions":{"name":{"constant_value":"crmint-custom-https-lb-proxy"},"ssl_certificates":{"references":["google_compute_managed_ssl_certificate.custom_domain","count.index"]},"url_map":{"references":["google_compute_url_map.default.id","google_compute_url_map.default"]}},"schema_version":0,"count_expression":{"references":["var.custom_domain"]}},{"address":"google_compute_target_https_proxy.default","mode":"managed","type":"google_compute_target_https_proxy","name":"default","provider_config_key":"google","expressions":{"name":{"constant_value":"crmint-default-https-lb-proxy"},"ssl_certificates":{"references":["google_compute_ssl_certificate.locally_signed.id","google_compute_ssl_certificate.locally_signed"]},"url_map":{"references":["google_compute_url_map.default.id","google_compute_url_map.default"]}},"schema_version":0},{"address":"google_compute_url_map.default","mode":"managed","type":"google_compute_url_map","name":"default","provider_config_key":"google","expressions":{"default_service":{"references":["google_compute_backend_service.frontend_backend.id","google_compute_backend_service.frontend_backend"]},"host_rule":[{"hosts":{"constant_value":["*"]},"path_matcher":{"constant_value":"allpaths"}}],"name":{"constant_value":"crmint-http-lb"},"path_matcher":[{"default_service":{"references":["google_compute_backend_service.frontend_backend.id","google_compute_backend_service.frontend_backend"]},"name":{"constant_value":"allpaths"},"path_rule":[{"paths":{"constant_value":["/api/workers","/api/workers/*","/push/start-task"]},"service":{"references":["google_compute_backend_service.jobs_backend.id","google_compute_backend_service.jobs_backend"]}},{"paths":{"constant_value":["/api/*","/push/task-finished","/push/start-pipeline"]},"service":{"references":["google_compute_backend_service.controller_backend.id","google_compute_backend_service.controller_backend"]}}]}]},"schema_version":0},{"address":"google_dns_managed_zone.custom_domain","mode":"managed","type":"google_dns_managed_zone","name":"custom_domain","provider_config_key":"google","expressions":{"description":{"constant_value":"Test DNS zone for our Instant BQML Demo environment"},"dns_name":{"references":["var.custom_domain"]},"dnssec_config":[{"default_key_specs":[{"algorithm":{"constant_value":"rsasha256"},"key_length":{"constant_value":2048},"key_type":{"constant_value":"keySigning"},"kind":{"constant_value":"dns#dnsKeySpec"}},{"algorithm":{"constant_value":"rsasha256"},"key_length":{"constant_value":1024},"key_type":{"constant_value":"zoneSigning"},"kind":{"constant_value":"dns#dnsKeySpec"}}],"kind":{"constant_value":"dns#managedZoneDnsSecConfig"},"non_existence":{"constant_value":"nsec3"},"state":{"constant_value":"on"}}],"name":{"references":["var.custom_domain"]},"visibility":{"constant_value":"public"}},"schema_version":0,"count_expression":{"references":["var.custom_domain"]}},{"address":"google_dns_record_set.frontend","mode":"managed","type":"google_dns_record_set","name":"frontend","provider_config_key":"google","expressions":{"managed_zone":{"references":["google_dns_managed_zone.custom_domain","count.index"]},"name":{"references":["google_dns_managed_zone.custom_domain","count.index"]},"rrdatas":{"references":["google_compute_global_address.custom_domain","count.index"]},"ttl":{"constant_value":300},"type":{"constant_value":"A"}},"schema_version":0,"count_expression":{"references":["var.custom_domain"]}},{"address":"google_iap_brand.default","mode":"managed","type":"google_iap_brand","name":"default","provider_config_key":"google","expressions":{"application_title":{"constant_value":"Cloud IAP protected Application"},"project":{"references":["google_project_service.iap_service.project","google_project_service.iap_service"]},"support_email":{"references":["var.iap_support_email"]}},"schema_version":0},{"address":"google_iap_client.default","mode":"managed","type":"google_iap_client","name":"default","provider_config_key":"google","expressions":{"brand":{"references":["google_iap_brand.default.name","google_iap_brand.default"]},"display_name":{"constant_value":"Test Client"}},"schema_version":0},{"address":"google_iap_web_backend_service_iam_policy.controller","mode":"managed","type":"google_iap_web_backend_service_iam_policy","name":"controller","provider_config_key":"google","expressions":{"policy_data":{"references":["data.google_iam_policy.iap_users.policy_data","data.google_iam_policy.iap_users"]},"project":{"references":["google_compute_backend_service.controller_backend.project","google_compute_backend_service.controller_backend"]},"web_backend_service":{"references":["google_compute_backend_service.controller_backend.name","google_compute_backend_service.controller_backend"]}},"schema_version":0},{"address":"google_iap_web_backend_service_iam_policy.frontend","mode":"managed","type":"google_iap_web_backend_service_iam_policy","name":"frontend","provider_config_key":"google","expressions":{"policy_data":{"references":["data.google_iam_policy.iap_users.policy_data","data.google_iam_policy.iap_users"]},"project":{"references":["google_compute_backend_service.frontend_backend.project","google_compute_backend_service.frontend_backend"]},"web_backend_service":{"references":["google_compute_backend_service.frontend_backend.name","google_compute_backend_service.frontend_backend"]}},"schema_version":0},{"address":"google_iap_web_backend_service_iam_policy.jobs","mode":"managed","type":"google_iap_web_backend_service_iam_policy","name":"jobs","provider_config_key":"google","expressions":{"policy_data":{"references":["data.google_iam_policy.iap_users.policy_data","data.google_iam_policy.iap_users"]},"project":{"references":["google_compute_backend_service.jobs_backend.project","google_compute_backend_service.jobs_backend"]},"web_backend_service":{"references":["google_compute_backend_service.jobs_backend.name","google_compute_backend_service.jobs_backend"]}},"schema_version":0},{"address":"google_project_iam_member.cloudbuild_managed_sa--cloudsql-client","mode":"managed","type":"google_project_iam_member","name":"cloudbuild_managed_sa--cloudsql-client","provider_config_key":"google","expressions":{"member":{"references":["google_project_service_identity.cloudbuild_managed_sa.email","google_project_service_identity.cloudbuild_managed_sa"]},"project":{"references":["var.project_id"]},"role":{"constant_value":"roles/cloudsql.client"}},"schema_version":0},{"address":"google_project_iam_member.cloudbuild_managed_sa--object-viewer","mode":"managed","type":"google_project_iam_member","name":"cloudbuild_managed_sa--object-viewer","provider_config_key":"google","expressions":{"member":{"references":["google_project_service_identity.cloudbuild_managed_sa.email","google_project_service_identity.cloudbuild_managed_sa"]},"project":{"references":["var.project_id"]},"role":{"constant_value":"roles/storage.objectViewer"}},"schema_version":0},{"address":"google_project_iam_member.controller_sa--cloudsql-client","mode":"managed","type":"google_project_iam_member","name":"controller_sa--cloudsql-client","provider_config_key":"google","expressions":{"member":{"references":["google_service_account.controller_sa.email","google_service_account.controller_sa"]},"project":{"references":["var.project_id"]},"role":{"constant_value":"roles/cloudsql.client"}},"schema_version":0},{"address":"google_project_iam_member.iap_sa--run_invoker","mode":"managed","type":"google_project_iam_member","name":"iap_sa--run_invoker","provider_config_key":"google","expressions":{"member":{"references":["google_project_service_identity.iap_sa.email","google_project_service_identity.iap_sa"]},"project":{"references":["google_project_service.iap_service.project","google_project_service.iap_service"]},"role":{"constant_value":"roles/run.invoker"}},"schema_version":0},{"address":"google_project_iam_member.pubsub_token-creator","mode":"managed","type":"google_project_iam_member","name":"pubsub_token-creator","provider_config_key":"google","expressions":{"member":{"references":["google_project_service_identity.pubsub_managed_sa.email","google_project_service_identity.pubsub_managed_sa"]},"project":{"references":["var.project_id"]},"role":{"constant_value":"roles/iam.serviceAccountTokenCreator"}},"schema_version":0},{"address":"google_project_service.aiplatform","mode":"managed","type":"google_project_service","name":"aiplatform","provider_config_key":"google","expressions":{"project":{"references":["var.project_id"]},"service":{"references":["each.key"]}},"schema_version":0,"for_each_expression":{"references":["local.apis"]}},{"address":"google_project_service.dns_service","mode":"managed","type":"google_project_service","name":"dns_service","provider_config_key":"google","expressions":{"project":{"references":["var.project_id"]},"service":{"constant_value":"dns.googleapis.com"}},"schema_version":0,"count_expression":{"references":["var.custom_domain"]}},{"address":"google_project_service.iap_service","mode":"managed","type":"google_project_service","name":"iap_service","provider_config_key":"google","expressions":{"project":{"references":["var.project_id"]},"service":{"constant_value":"iap.googleapis.com"}},"schema_version":0},{"address":"google_project_service.vpcaccess","mode":"managed","type":"google_project_service","name":"vpcaccess","provider_config_key":"google-beta","expressions":{"project":{"references":["var.network_project_id","var.network_project_id","var.project_id"]},"service":{"constant_value":"vpcaccess.googleapis.com"}},"schema_version":0,"count_expression":{"references":["var.use_vpc"]}},{"address":"google_project_service_identity.cloudbuild_managed_sa","mode":"managed","type":"google_project_service_identity","name":"cloudbuild_managed_sa","provider_config_key":"google-beta","expressions":{"project":{"references":["var.project_id"]},"service":{"constant_value":"cloudbuild.googleapis.com"}},"schema_version":0},{"address":"google_project_service_identity.iap_sa","mode":"managed","type":"google_project_service_identity","name":"iap_sa","provider_config_key":"google-beta","expressions":{"project":{"references":["google_project_service.iap_service.project","google_project_service.iap_service"]},"service":{"constant_value":"iap.googleapis.com"}},"schema_version":0},{"address":"google_project_service_identity.pubsub_managed_sa","mode":"managed","type":"google_project_service_identity","name":"pubsub_managed_sa","provider_config_key":"google-beta","expressions":{"project":{"references":["var.project_id"]},"service":{"constant_value":"pubsub.googleapis.com"}},"schema_version":0},{"address":"google_pubsub_subscription.subscriptions","mode":"managed","type":"google_pubsub_subscription","name":"subscriptions","provider_config_key":"google","expressions":{"ack_deadline_seconds":{"references":["each.value.ack_deadline_seconds","each.value"]},"expiration_policy":[{"ttl":{"constant_value":""}}],"name":{"references":["each.key"]},"push_config":[{"oidc_token":[{"service_account_email":{"references":["google_service_account.pubsub_sa.email","google_service_account.pubsub_sa"]}}],"push_endpoint":{"references":["var.custom_domain","var.custom_domain","each.value.path","each.value","random_id.pubsub_verification_token.b64_url","random_id.pubsub_verification_token","tls_cert_request.default.dns_names[0]","tls_cert_request.default.dns_names","tls_cert_request.default","each.value.path","each.value","random_id.pubsub_verification_token.b64_url","random_id.pubsub_verification_token"]}}],"retry_policy":[{"minimum_backoff":{"references":["each.value.minimum_backoff","each.value"]}}],"topic":{"references":["google_pubsub_topic.topics","each.key"]}},"schema_version":0,"for_each_expression":{"references":["local.subscriptions"]}},{"address":"google_pubsub_topic.pipeline-finished","mode":"managed","type":"google_pubsub_topic","name":"pipeline-finished","provider_config_key":"google","expressions":{"name":{"constant_value":"crmint-3-pipeline-finished"}},"schema_version":0},{"address":"google_pubsub_topic.topics","mode":"managed","type":"google_pubsub_topic","name":"topics","provider_config_key":"google","expressions":{"name":{"references":["each.key"]}},"schema_version":0,"for_each_expression":{"references":["local.subscriptions"]}},{"address":"google_service_account.controller_sa","mode":"managed","type":"google_service_account","name":"controller_sa","provider_config_key":"google","expressions":{"account_id":{"constant_value":"crmint-controller-sa"},"display_name":{"constant_value":"CRMint Controller Service Account"},"project":{"references":["var.project_id"]}},"schema_version":0},{"address":"google_service_account.frontend_sa","mode":"managed","type":"google_service_account","name":"frontend_sa","provider_config_key":"google","expressions":{"account_id":{"constant_value":"crmint-frontend-sa"},"display_name":{"constant_value":"CRMint Frontend Service Account"},"project":{"references":["var.project_id"]}},"schema_version":0},{"address":"google_service_account.jobs_sa","mode":"managed","type":"google_service_account","name":"jobs_sa","provider_config_key":"google","expressions":{"account_id":{"constant_value":"crmint-jobs-sa"},"display_name":{"constant_value":"CRMint Jobs Service Account"},"project":{"references":["var.project_id"]}},"schema_version":0},{"address":"google_service_account.pubsub_sa","mode":"managed","type":"google_service_account","name":"pubsub_sa","provider_config_key":"google","expressions":{"account_id":{"constant_value":"crmint-pubsub-sa"},"display_name":{"constant_value":"CRMint PubSub Service Account"},"project":{"references":["var.project_id"]}},"schema_version":0},{"address":"google_service_networking_connection.private_vpc_connection","mode":"managed","type":"google_service_networking_connection","name":"private_vpc_connection","provider_config_key":"google-beta","expressions":{"network":{"references":["google_compute_network.private","count.index"]},"reserved_peering_ranges":{"references":["google_compute_global_address.db_private_ip_address","count.index"]},"service":{"constant_value":"servicenetworking.googleapis.com"}},"schema_version":0,"count_expression":{"references":["var.use_vpc"]}},{"address":"google_sql_database.crmint","mode":"managed","type":"google_sql_database","name":"crmint","provider_config_key":"google","expressions":{"instance":{"references":["google_sql_database_instance.main.name","google_sql_database_instance.main"]},"name":{"references":["var.database_name"]}},"schema_version":0},{"address":"google_sql_database_instance.main","mode":"managed","type":"google_sql_database_instance","name":"main","provider_config_key":"google","expressions":{"database_version":{"constant_value":"MYSQL_8_0"},"name":{"references":["var.database_instance_name"]},"project":{"references":["var.database_project_id","var.database_project_id","var.project_id"]},"region":{"references":["var.database_region","var.database_region","var.region"]},"settings":[{"availability_type":{"references":["var.database_availability_type"]},"insights_config":[{"query_insights_enabled":{"constant_value":true},"query_string_length":{"constant_value":1024},"record_application_tags":{"constant_value":false},"record_client_address":{"constant_value":false}}],"maintenance_window":[{"day":{"constant_value":7},"hour":{"constant_value":2}}],"tier":{"references":["var.database_tier"]}}]},"schema_version":0,"depends_on":["google_service_networking_connection.private_vpc_connection"]},{"address":"google_sql_user.crmint","mode":"managed","type":"google_sql_user","name":"crmint","provider_config_key":"google","expressions":{"instance":{"references":["google_sql_database_instance.main.name","google_sql_database_instance.main"]},"name":{"references":["var.database_user"]},"password":{"references":["random_password.main_db_password.result","random_password.main_db_password"]}},"schema_version":1},{"address":"google_vpc_access_connector.connector","mode":"managed","type":"google_vpc_access_connector","name":"connector","provider_config_key":"google-beta","expressions":{"machine_type":{"constant_value":"e2-micro"},"max_instances":{"constant_value":3},"min_instances":{"constant_value":2},"name":{"constant_value":"crmint-vpc-conn"},"project":{"references":["var.network_project_id","var.network_project_id","var.project_id"]},"region":{"references":["var.network_region","var.network_region","var.region"]},"subnet":[{"name":{"references":["google_compute_subnetwork.private","count.index"]},"project_id":{"references":["var.network_project_id","var.network_project_id","var.project_id"]}}]},"schema_version":0,"count_expression":{"references":["var.use_vpc"]},"depends_on":["google_project_service.vpcaccess"]},{"address":"random_id.pubsub_verification_token","mode":"managed","type":"random_id","name":"pubsub_verification_token","provider_config_key":"random","expressions":{"byte_length":{"constant_value":16}},"schema_version":0},{"address":"random_password.main_db_password","mode":"managed","type":"random_password","name":"main_db_password","provider_config_key":"random","expressions":{"length":{"constant_value":16}},"schema_version":3},{"address":"tls_cert_request.default","mode":"managed","type":"tls_cert_request","name":"default","provider_config_key":"tls","expressions":{"dns_names":{"references":["google_compute_global_address.default.address","google_compute_global_address.default"]},"ip_addresses":{"references":["google_compute_global_address.default.address","google_compute_global_address.default"]},"private_key_pem":{"references":["tls_private_key.default.private_key_pem","tls_private_key.default"]},"subject":[{"common_name":{"references":["google_compute_global_address.default.address","google_compute_global_address.default"]},"organization":{"constant_value":"CRMint OpenSource"}}]},"schema_version":0},{"address":"tls_locally_signed_cert.default","mode":"managed","type":"tls_locally_signed_cert","name":"default","provider_config_key":"tls","expressions":{"allowed_uses":{"constant_value":["key_encipherment","digital_signature","client_auth","server_auth"]},"ca_cert_pem":{"references":["tls_self_signed_cert.root.cert_pem","tls_self_signed_cert.root"]},"ca_private_key_pem":{"references":["tls_self_signed_cert.root.private_key_pem","tls_self_signed_cert.root"]},"cert_request_pem":{"references":["tls_cert_request.default.cert_request_pem","tls_cert_request.default"]},"validity_period_hours":{"constant_value":8760}},"schema_version":0},{"address":"tls_private_key.default","mode":"managed","type":"tls_private_key","name":"default","provider_config_key":"tls","expressions":{"algorithm":{"constant_value":"ECDSA"},"ecdsa_curve":{"constant_value":"P256"}},"schema_version":1},{"address":"tls_private_key.root","mode":"managed","type":"tls_private_key","name":"root","provider_config_key":"tls","expressions":{"algorithm":{"constant_value":"RSA"},"rsa_bits":{"constant_value":2048}},"schema_version":1},{"address":"tls_self_signed_cert.root","mode":"managed","type":"tls_self_signed_cert","name":"root","provider_config_key":"tls","expressions":{"allowed_uses":{"constant_value":["cert_signing","crl_signing","digital_signature"]},"is_ca_certificate":{"constant_value":true},"private_key_pem":{"references":["tls_private_key.root.private_key_pem","tls_private_key.root"]},"subject":[{"common_name":{"constant_value":"CRMint Personal Root"},"organization":{"constant_value":"CRMint OpenSource"}}],"validity_period_hours":{"constant_value":8760}},"schema_version":0},{"address":"data.external.deployed_controller_image_metadata","mode":"data","type":"external","name":"deployed_controller_image_metadata","provider_config_key":"external","expressions":{"program":{"constant_value":["../scripts/read_image_metadata.sh"]},"query":{"references":["var.controller_image","var.controller_image"]}},"schema_version":0},{"address":"data.google_iam_policy.iap_users","mode":"data","type":"google_iam_policy","name":"iap_users","provider_config_key":"google","expressions":{"binding":[{"members":{"references":["var.iap_allowed_users"]},"role":{"constant_value":"roles/iap.httpsResourceAccessor"}}]},"schema_version":0}],"module_calls":{"cli":{"source":"terraform-google-modules/gcloud/google","expressions":{"additional_components":{"constant_value":[]},"create_cmd_body":{"references":["var.region","local.pool","local.migrate_image","local.migrate_sql_conn_name","local.cloud_db_uri"]},"create_cmd_entrypoint":{"constant_value":"gcloud"},"create_cmd_triggers":{"references":["data.external.deployed_controller_image_metadata.result.digest","data.external.deployed_controller_image_metadata.result","data.external.deployed_controller_image_metadata"]},"platform":{"constant_value":"linux"}},"module":{"outputs":{"bin_dir":{"expression":{"references":["local.gcloud_bin_path"]},"description":"The full bin path of the modules executables"},"create_cmd_bin":{"expression":{"references":["local.create_cmd_bin"]},"description":"The full bin path \u0026 command used on create"},"destroy_cmd_bin":{"expression":{"references":["local.destroy_cmd_bin"]},"description":"The full bin path \u0026 command used on destroy"},"downloaded":{"expression":{"references":["local.skip_download"]},"depends_on":["local.wait"],"description":"Whether gcloud was downloaded or not"},"wait":{"expression":{"references":["local.wait"]},"description":"An output to use when you want to depend on cmd finishing"}},"resources":[{"address":"null_resource.additional_components","mode":"managed","type":"null_resource","name":"additional_components","provider_config_key":"module.cli:null","provisioners":[{"type":"local-exec","expressions":{"command":{"references":["self.triggers.additional_components_command","self.triggers","self"]}}}],"expressions":{"triggers":{"references":["var.create_cmd_entrypoint","var.create_cmd_body","local.additional_components_command","var.create_cmd_triggers"]}},"schema_version":0,"count_expression":{"references":["var.enabled","var.additional_components"]},"depends_on":["null_resource.upgrade"]},{"address":"null_resource.additional_components_destroy","mode":"managed","type":"null_resource","name":"additional_components_destroy","provider_config_key":"module.cli:null","provisioners":[{"type":"local-exec","expressions":{"command":{"references":["self.triggers.additional_components_command","self.triggers","self"]}}}],"expressions":{"triggers":{"references":["local.additional_components_command"]}},"schema_version":0,"count_expression":{"references":["var.enabled","var.additional_components"]},"depends_on":["null_resource.run_destroy_command"]},{"address":"null_resource.decompress","mode":"managed","type":"null_resource","name":"decompress","provider_config_key":"module.cli:null","provisioners":[{"type":"local-exec","expressions":{"command":{"references":["self.triggers.decompress_command","self.triggers","self"]}}}],"expressions":{"triggers":{"references":["var.create_cmd_entrypoint","var.create_cmd_body","local.decompress_command","local.download_gcloud_command","local.download_jq_command","var.create_cmd_triggers"]}},"schema_version":0,"count_expression":{"references":["var.enabled","local.skip_download"]},"depends_on":["null_resource.download_gcloud","null_resource.download_jq"]},{"address":"null_resource.decompress_destroy","mode":"managed","type":"null_resource","name":"decompress_destroy","provider_config_key":"module.cli:null","provisioners":[{"type":"local-exec","expressions":{"command":{"references":["self.triggers.decompress_wrapper","self.triggers","self"]}}}],"expressions":{"triggers":{"references":["local.decompress_wrapper"]}},"schema_version":0,"count_expression":{"references":["var.enabled","local.skip_download"]},"depends_on":["null_resource.upgrade_destroy"]},{"address":"null_resource.download_gcloud","mode":"managed","type":"null_resource","name":"download_gcloud","provider_config_key":"module.cli:null","provisioners":[{"type":"local-exec","expressions":{"command":{"references":["self.triggers.download_gcloud_command","self.triggers","self"]}}}],"expressions":{"triggers":{"references":["var.create_cmd_entrypoint","var.create_cmd_body","local.download_gcloud_command","var.create_cmd_triggers"]}},"schema_version":0,"count_expression":{"references":["var.enabled","local.skip_download"]},"depends_on":["null_resource.prepare_cache"]},{"address":"null_resource.download_jq","mode":"managed","type":"null_resource","name":"download_jq","provider_config_key":"module.cli:null","provisioners":[{"type":"local-exec","expressions":{"command":{"references":["self.triggers.download_jq_command","self.triggers","self"]}}}],"expressions":{"triggers":{"references":["var.create_cmd_entrypoint","var.create_cmd_body","local.download_jq_command","var.create_cmd_triggers"]}},"schema_version":0,"count_expression":{"references":["var.enabled","local.skip_download"]},"depends_on":["null_resource.prepare_cache"]},{"address":"null_resource.gcloud_auth_google_credentials","mode":"managed","type":"null_resource","name":"gcloud_auth_google_credentials","provider_config_key":"module.cli:null","provisioners":[{"type":"local-exec","expressions":{"command":{"references":["self.triggers.gcloud_auth_google_credentials_command","self.triggers","self"]}}}],"expressions":{"triggers":{"references":["var.create_cmd_entrypoint","var.create_cmd_body","local.gcloud_auth_google_credentials_command","var.create_cmd_triggers"]}},"schema_version":0,"count_expression":{"references":["var.enabled","var.use_tf_google_credentials_env_var"]},"depends_on":["null_resource.upgrade"]},{"address":"null_resource.gcloud_auth_google_credentials_destroy","mode":"managed","type":"null_resource","name":"gcloud_auth_google_credentials_destroy","provider_config_key":"module.cli:null","provisioners":[{"type":"local-exec","expressions":{"command":{"references":["self.triggers.gcloud_auth_google_credentials_command","self.triggers","self"]}}}],"expressions":{"triggers":{"references":["local.gcloud_auth_google_credentials_command"]}},"schema_version":0,"count_expression":{"references":["var.enabled","var.use_tf_google_credentials_env_var"]},"depends_on":["null_resource.run_destroy_command"]},{"address":"null_resource.gcloud_auth_service_account_key_file","mode":"managed","type":"null_resource","name":"gcloud_auth_service_account_key_file","provider_config_key":"module.cli:null","provisioners":[{"type":"local-exec","expressions":{"command":{"references":["self.triggers.gcloud_auth_service_account_key_file_command","self.triggers","self"]}}}],"expressions":{"triggers":{"references":["var.create_cmd_entrypoint","var.create_cmd_body","local.gcloud_auth_service_account_key_file_command","var.create_cmd_triggers"]}},"schema_version":0,"count_expression":{"references":["var.enabled","var.service_account_key_file"]},"depends_on":["null_resource.upgrade"]},{"address":"null_resource.gcloud_auth_service_account_key_file_destroy","mode":"managed","type":"null_resource","name":"gcloud_auth_service_account_key_file_destroy","provider_config_key":"module.cli:null","provisioners":[{"type":"local-exec","expressions":{"command":{"references":["self.triggers.gcloud_auth_service_account_key_file_command","self.triggers","self"]}}}],"expressions":{"triggers":{"references":["local.gcloud_auth_service_account_key_file_command"]}},"schema_version":0,"count_expression":{"references":["var.enabled","var.service_account_key_file"]},"depends_on":["null_resource.run_destroy_command"]},{"address":"null_resource.module_depends_on","mode":"managed","type":"null_resource","name":"module_depends_on","provider_config_key":"module.cli:null","expressions":{"triggers":{"references":["var.module_depends_on"]}},"schema_version":0,"count_expression":{"references":["var.module_depends_on"]}},{"address":"null_resource.prepare_cache","mode":"managed","type":"null_resource","name":"prepare_cache","provider_config_key":"module.cli:null","provisioners":[{"type":"local-exec","expressions":{"command":{"references":["self.triggers.prepare_cache_command","self.triggers","self"]}}}],"expressions":{"triggers":{"references":["var.create_cmd_entrypoint","var.create_cmd_body","local.prepare_cache_command","var.create_cmd_triggers"]}},"schema_version":0,"count_expression":{"references":["var.enabled","local.skip_download"]},"depends_on":["null_resource.module_depends_on"]},{"address":"null_resource.run_command","mode":"managed","type":"null_resource","name":"run_command","provider_config_key":"module.cli:null","provisioners":[{"type":"local-exec","expressions":{"command":{"references":["self.triggers.gcloud_bin_abs_path","self.triggers","self","self.triggers.create_cmd_entrypoint","self.triggers","self","self.triggers.create_cmd_body","self.triggers","self"]}}}],"expressions":{"triggers":{"references":["var.create_cmd_entrypoint","var.create_cmd_body","var.create_cmd_entrypoint","var.create_cmd_body","local.gcloud_bin_abs_path","var.create_cmd_triggers"]}},"schema_version":0,"count_expression":{"references":["var.enabled"]},"depends_on":["null_resource.module_depends_on","null_resource.decompress","null_resource.additional_components","null_resource.gcloud_auth_google_credentials","null_resource.gcloud_auth_service_account_key_file"]},{"address":"null_resource.run_destroy_command","mode":"managed","type":"null_resource","name":"run_destroy_command","provider_config_key":"module.cli:null","provisioners":[{"type":"local-exec","expressions":{"command":{"references":["self.triggers.gcloud_bin_abs_path","self.triggers","self","self.triggers.destroy_cmd_entrypoint","self.triggers","self","self.triggers.destroy_cmd_body","self.triggers","self"]}}}],"expressions":{"triggers":{"references":["var.destroy_cmd_entrypoint","var.destroy_cmd_body","local.gcloud_bin_abs_path","var.create_cmd_triggers"]}},"schema_version":0,"count_expression":{"references":["var.enabled"]},"depends_on":["null_resource.module_depends_on","null_resource.decompress","null_resource.additional_components","null_resource.gcloud_auth_google_credentials","null_resource.gcloud_auth_service_account_key_file"]},{"address":"null_resource.upgrade","mode":"managed","type":"null_resource","name":"upgrade","provider_config_key":"module.cli:null","provisioners":[{"type":"local-exec","expressions":{"command":{"references":["self.triggers.upgrade_command","self.triggers","self"]}}}],"expressions":{"triggers":{"references":["var.create_cmd_entrypoint","var.create_cmd_body","local.upgrade_command","var.create_cmd_triggers"]}},"schema_version":0,"count_expression":{"references":["var.enabled","var.upgrade","local.skip_download"]},"depends_on":["null_resource.decompress"]},{"address":"null_resource.upgrade_destroy","mode":"managed","type":"null_resource","name":"upgrade_destroy","provider_config_key":"module.cli:null","provisioners":[{"type":"local-exec","expressions":{"command":{"references":["self.triggers.upgrade_command","self.triggers","self"]}}}],"expressions":{"triggers":{"references":["local.upgrade_command"]}},"schema_version":0,"count_expression":{"references":["var.enabled","var.upgrade","local.skip_download"]},"depends_on":["null_resource.additional_components_destroy","null_resource.gcloud_auth_service_account_key_file_destroy","null_resource.gcloud_auth_google_credentials_destroy"]},{"address":"random_id.cache","mode":"managed","type":"random_id","name":"cache","provider_config_key":"random","expressions":{"byte_length":{"constant_value":4}},"schema_version":0,"count_expression":{"references":["local.skip_download"]}},{"address":"data.external.env_override","mode":"data","type":"external","name":"env_override","provider_config_key":"external","expressions":{"program":{"references":["path.module"]},"query":{"constant_value":{}}},"schema_version":0,"count_expression":{"references":["var.enabled"]}}],"variables":{"additional_components":{"default":[],"description":"Additional gcloud CLI components to install. Defaults to none. Valid value are components listed in `gcloud components list`"},"create_cmd_body":{"default":"info","description":"On create, the command body you'd like to run with your entrypoint."},"create_cmd_entrypoint":{"default":"gcloud","description":"On create, the command entrypoint you'd like to use. Can also be set to a custom script. Module's bin directory will be prepended to path."},"create_cmd_triggers":{"default":{},"description":"List of any additional triggers for the create command execution."},"destroy_cmd_body":{"default":"info","description":"On destroy, the command body you'd like to run with your entrypoint."},"destroy_cmd_entrypoint":{"default":"gcloud","description":"On destroy, the command entrypoint you'd like to use.  Can also be set to a custom script. Module's bin directory will be prepended to path."},"enabled":{"default":true,"description":"Flag to optionally disable usage of this module."},"gcloud_download_url":{"default":"","description":"Custom gcloud download url. Optional."},"gcloud_sdk_version":{"default":"281.0.0","description":"The gcloud sdk version to download."},"jq_download_url":{"default":"","description":"Custom jq download url. Optional."},"jq_version":{"default":"1.6","description":"The jq version to download."},"module_depends_on":{"default":[],"description":"List of modules or resources this module depends on."},"platform":{"default":"linux","description":"Platform CLI will run on. Defaults to linux. Valid values: linux, darwin"},"service_account_key_file":{"default":"","description":"Path to service account key file to run `gcloud auth activate-service-account` with. Optional."},"skip_download":{"default":true,"description":"Whether to skip downloading gcloud (assumes gcloud is already available outside the module)"},"upgrade":{"default":true,"description":"Whether to upgrade gcloud at runtime"},"use_tf_google_credentials_env_var":{"default":false,"description":"Use GOOGLE_CREDENTIALS environment variable to run `gcloud auth activate-service-account` with. Optional."}}},"version_constraint":"~\u003e 2.0"}},"variables":{"controller_image":{"default":"europe-docker.pkg.dev/crmint-builds/crmint/controller:latest","description":"    Docker image uri for the controller service\n    (fully qualified uri, meaning with tag)\"\n"},"custom_domain":{"default":"","description":"    (Optional) Custom Domain for the UI (e.g. crmint.example.com).\n    Leave this value empty to skip.\n"},"database_availability_type":{"default":"ZONAL","description":"Database availability type. Defaults to one zone."},"database_instance_name":{"default":"crmintapp-db","description":"Name for the Cloud SQL instance."},"database_name":{"default":"crmintapp-db","description":"Name of the database in your Cloud SQL instance."},"database_project_id":{"default":null,"description":"Database GCP project to use. Defaults to `var.project_id`."},"database_region":{"default":null,"description":"Database region to setup a Cloud SQL instance. Defaults to `var.region`"},"database_tier":{"default":"db-g1-small","description":"Database instance machine tier. Defaults to a small instance."},"database_user":{"default":"crmintapp","description":"Database user name."},"iap_allowed_users":{},"iap_support_email":{"description":"Support email used for configuring IAP"},"network_project_id":{"default":null,"description":"Network GCP project to use. Defaults to `var.project_id`."},"network_region":{"default":null,"description":"Network region. Defaults to `var.region`."},"project_id":{"description":"GCP Project ID"},"region":{"default":"us-east1","description":"GCP Region"},"use_vpc":{"default":true,"description":"Configures the database with a private IP. Default to true."},"zone":{"default":"us-east1-c","description":"GCP Zone"}}}},"relevant_attributes":[{"resource":"google_cloud_run_service.controller_run","attribute":["project"]},{"resource":"google_compute_region_network_endpoint_group.controller_neg","attribute":["id"]},{"resource":"google_compute_backend_service.jobs_backend","attribute":["name"]},{"resource":"google_sql_database.crmint","attribute":["name"]},{"resource":"google_sql_database_instance.main","attribute":["name"]},{"resource":"random_password.main_db_password","attribute":["result"]},{"resource":"google_compute_global_address.default","attribute":["address"]},{"resource":"google_vpc_access_connector.connector[0]","attribute":["name"]},{"resource":"google_compute_backend_service.controller_backend","attribute":["project"]},{"resource":"module.cli.null_resource.gcloud_auth_google_credentials","attribute":[]},{"resource":"google_project_service_identity.pubsub_managed_sa","attribute":["email"]},{"resource":"tls_self_signed_cert.root","attribute":["private_key_pem"]},{"resource":"google_iap_client.default","attribute":["client_id"]},{"resource":"module.cli.null_resource.run_command","attribute":[]},{"resource":"tls_private_key.default","attribute":["private_key_pem"]},{"resource":"google_compute_backend_service.frontend_backend","attribute":["name"]},{"resource":"google_compute_target_https_proxy.custom_domain","attribute":[]},{"resource":"google_project_service_identity.iap_sa","attribute":["email"]},{"resource":"tls_cert_request.default","attribute":["cert_request_pem"]},{"resource":"google_compute_backend_service.controller_backend","attribute":["id"]},{"resource":"google_service_account.jobs_sa","attribute":["email"]},{"resource":"google_sql_database_instance.main","attribute":["connection_name"]},{"resource":"google_cloud_run_service.controller_run","attribute":["name"]},{"resource":"google_service_account.controller_sa","attribute":["email"]},{"resource":"google_compute_global_address.custom_domain","attribute":[]},{"resource":"google_service_account.frontend_sa","attribute":["email"]},{"resource":"google_dns_managed_zone.custom_domain","attribute":[]},{"resource":"tls_locally_signed_cert.default","attribute":["cert_pem"]},{"resource":"module.cli.null_resource.run_destroy_command","attribute":[]},{"resource":"google_compute_backend_service.controller_backend","attribute":["name"]},{"resource":"google_compute_target_https_proxy.default","attribute":["id"]},{"resource":"google_compute_global_address.default","attribute":["id"]},{"resource":"google_sql_user.crmint","attribute":["name"]},{"resource":"module.cli.random_id.cache[0]","attribute":["hex"]},{"resource":"google_pubsub_topic.topics","attribute":[]},{"resource":"tls_cert_request.default","attribute":["dns_names",0]},{"resource":"google_compute_region_network_endpoint_group.jobs_neg","attribute":["id"]},{"resource":"google_cloud_run_service.controller_run","attribute":["location"]},{"resource":"google_compute_backend_service.jobs_backend","attribute":["id"]},{"resource":"random_id.pubsub_verification_token","attribute":["b64_url"]},{"resource":"google_cloud_run_service.jobs_run","attribute":["location"]},{"resource":"google_cloud_run_service.jobs_run","attribute":["project"]},{"resource":"google_iap_client.default","attribute":["secret"]},{"resource":"data.google_iam_policy.iap_users","attribute":["policy_data"]},{"resource":"google_compute_ssl_certificate.locally_signed","attribute":["id"]},{"resource":"google_sql_database_instance.main","attribute":["first_ip_address"]},{"resource":"tls_private_key.root","attribute":["private_key_pem"]},{"resource":"google_cloud_run_service.jobs_run","attribute":["name"]},{"resource":"google_compute_region_network_endpoint_group.frontend_neg","attribute":["id"]},{"resource":"google_cloudbuild_worker_pool.private","attribute":["id"]},{"resource":"module.cli.null_resource.gcloud_auth_service_account_key_file","attribute":[]},{"resource":"google_compute_backend_service.frontend_backend","attribute":["project"]},{"resource":"data.external.deployed_controller_image_metadata","attribute":["result","digest"]},{"resource":"google_sql_user.crmint","attribute":["password"]},{"resource":"google_compute_managed_ssl_certificate.custom_domain","attribute":[]},{"resource":"google_project_service_identity.cloudbuild_managed_sa","attribute":["email"]},{"resource":"google_iap_brand.default","attribute":["name"]},{"resource":"google_cloud_run_service.frontend_run","attribute":["name"]},{"resource":"google_project_service.iap_service","attribute":["project"]},{"resource":"google_service_account.pubsub_sa","attribute":["email"]},{"resource":"google_cloud_run_service.frontend_run","attribute":["project"]},{"resource":"module.cli.data.external.env_override[0]","attribute":["result","download"]},{"resource":"tls_self_signed_cert.root","attribute":["cert_pem"]},{"resource":"google_compute_backend_service.jobs_backend","attribute":["project"]},{"resource":"google_compute_network.private[0]","attribute":[]},{"resource":"google_compute_url_map.default","attribute":["id"]},{"resource":"module.cli.null_resource.additional_components","attribute":[]},{"resource":"google_compute_network.private[0]","attribute":["id"]},{"resource":"google_cloud_run_service.frontend_run","attribute":["location"]},{"resource":"google_compute_backend_service.frontend_backend","attribute":["id"]}]}
